// !$*UTF8*$!
{
	archiveVersion = 1;
	classes = {
	};
	objectVersion = 51;
	objects = {

/* Begin PBXBuildFile section */
		58ABFB2A2126BA8100137583 /* AppDelegate.swift in Sources */ = {isa = PBXBuildFile; fileRef = 58ABFB292126BA8100137583 /* AppDelegate.swift */; };
		58ABFB312126BA8200137583 /* Assets.xcassets in Resources */ = {isa = PBXBuildFile; fileRef = 58ABFB302126BA8200137583 /* Assets.xcassets */; };
		58ABFB342126BA8200137583 /* LaunchScreen.storyboard in Resources */ = {isa = PBXBuildFile; fileRef = 58ABFB322126BA8200137583 /* LaunchScreen.storyboard */; };
		58ABFB3F2126BA8200137583 /* TomorrowLandTests.swift in Sources */ = {isa = PBXBuildFile; fileRef = 58ABFB3E2126BA8200137583 /* TomorrowLandTests.swift */; };
		58ABFB4A2126BA8300137583 /* TomorrowLandUITests.swift in Sources */ = {isa = PBXBuildFile; fileRef = 58ABFB492126BA8300137583 /* TomorrowLandUITests.swift */; };
		58ABFB592126C07800137583 /* WebKit.framework in Frameworks */ = {isa = PBXBuildFile; fileRef = 58ABFB582126C07800137583 /* WebKit.framework */; };
		7000403F2159434000FB782F /* KeychainSwift.framework in Frameworks */ = {isa = PBXBuildFile; fileRef = 7000403E2159434000FB782F /* KeychainSwift.framework */; };
		700AB5E92157837E005C5150 /* Alamofire.framework in Frameworks */ = {isa = PBXBuildFile; fileRef = 700AB5E82157837E005C5150 /* Alamofire.framework */; };
		700AB5EB21578918005C5150 /* String+TomorrowLand.swift in Sources */ = {isa = PBXBuildFile; fileRef = 700AB5EA21578918005C5150 /* String+TomorrowLand.swift */; };
		7037796A2157707700064392 /* HomeViewController.swift in Sources */ = {isa = PBXBuildFile; fileRef = 703779682157707700064392 /* HomeViewController.swift */; };
		7037796C215770FE00064392 /* HomeViewController.xib in Resources */ = {isa = PBXBuildFile; fileRef = 703779692157707700064392 /* HomeViewController.xib */; };
		7037796F215771BE00064392 /* WebViewController.swift in Sources */ = {isa = PBXBuildFile; fileRef = 7037796D215771BE00064392 /* WebViewController.swift */; };
		70377970215771BE00064392 /* WebViewController.xib in Resources */ = {isa = PBXBuildFile; fileRef = 7037796E215771BE00064392 /* WebViewController.xib */; };
		703779722157750D00064392 /* Keys.swift in Sources */ = {isa = PBXBuildFile; fileRef = 703779712157750D00064392 /* Keys.swift */; };
		7037797621577F6A00064392 /* Constants.swift in Sources */ = {isa = PBXBuildFile; fileRef = 7037797521577F6A00064392 /* Constants.swift */; };
/* End PBXBuildFile section */

/* Begin PBXContainerItemProxy section */
		58ABFB3B2126BA8200137583 /* PBXContainerItemProxy */ = {
			isa = PBXContainerItemProxy;
			containerPortal = 58ABFB1E2126BA8100137583 /* Project object */;
			proxyType = 1;
			remoteGlobalIDString = 58ABFB252126BA8100137583;
			remoteInfo = TomorrowLand;
		};
		58ABFB462126BA8300137583 /* PBXContainerItemProxy */ = {
			isa = PBXContainerItemProxy;
			containerPortal = 58ABFB1E2126BA8100137583 /* Project object */;
			proxyType = 1;
			remoteGlobalIDString = 58ABFB252126BA8100137583;
			remoteInfo = TomorrowLand;
		};
/* End PBXContainerItemProxy section */

/* Begin PBXFileReference section */
		58ABFB262126BA8100137583 /* TomorrowLand.app */ = {isa = PBXFileReference; explicitFileType = wrapper.application; includeInIndex = 0; path = TomorrowLand.app; sourceTree = BUILT_PRODUCTS_DIR; };
		58ABFB292126BA8100137583 /* AppDelegate.swift */ = {isa = PBXFileReference; lastKnownFileType = sourcecode.swift; path = AppDelegate.swift; sourceTree = "<group>"; };
		58ABFB302126BA8200137583 /* Assets.xcassets */ = {isa = PBXFileReference; lastKnownFileType = folder.assetcatalog; path = Assets.xcassets; sourceTree = "<group>"; };
		58ABFB332126BA8200137583 /* Base */ = {isa = PBXFileReference; lastKnownFileType = file.storyboard; name = Base; path = Base.lproj/LaunchScreen.storyboard; sourceTree = "<group>"; };
		58ABFB352126BA8200137583 /* Info.plist */ = {isa = PBXFileReference; lastKnownFileType = text.plist.xml; path = Info.plist; sourceTree = "<group>"; };
		58ABFB3A2126BA8200137583 /* TomorrowLandTests.xctest */ = {isa = PBXFileReference; explicitFileType = wrapper.cfbundle; includeInIndex = 0; path = TomorrowLandTests.xctest; sourceTree = BUILT_PRODUCTS_DIR; };
		58ABFB3E2126BA8200137583 /* TomorrowLandTests.swift */ = {isa = PBXFileReference; lastKnownFileType = sourcecode.swift; path = TomorrowLandTests.swift; sourceTree = "<group>"; };
		58ABFB402126BA8200137583 /* Info.plist */ = {isa = PBXFileReference; lastKnownFileType = text.plist.xml; path = Info.plist; sourceTree = "<group>"; };
		58ABFB452126BA8300137583 /* TomorrowLandUITests.xctest */ = {isa = PBXFileReference; explicitFileType = wrapper.cfbundle; includeInIndex = 0; path = TomorrowLandUITests.xctest; sourceTree = BUILT_PRODUCTS_DIR; };
		58ABFB492126BA8300137583 /* TomorrowLandUITests.swift */ = {isa = PBXFileReference; lastKnownFileType = sourcecode.swift; path = TomorrowLandUITests.swift; sourceTree = "<group>"; };
		58ABFB4B2126BA8300137583 /* Info.plist */ = {isa = PBXFileReference; lastKnownFileType = text.plist.xml; path = Info.plist; sourceTree = "<group>"; };
		58ABFB582126C07800137583 /* WebKit.framework */ = {isa = PBXFileReference; lastKnownFileType = wrapper.framework; name = WebKit.framework; path = System/Library/Frameworks/WebKit.framework; sourceTree = SDKROOT; };
		7000403E2159434000FB782F /* KeychainSwift.framework */ = {isa = PBXFileReference; lastKnownFileType = wrapper.framework; name = KeychainSwift.framework; path = Carthage/Build/iOS/KeychainSwift.framework; sourceTree = "<group>"; };
		700AB5E82157837E005C5150 /* Alamofire.framework */ = {isa = PBXFileReference; lastKnownFileType = wrapper.framework; name = Alamofire.framework; path = Carthage/Build/iOS/Alamofire.framework; sourceTree = "<group>"; };
		700AB5EA21578918005C5150 /* String+TomorrowLand.swift */ = {isa = PBXFileReference; lastKnownFileType = sourcecode.swift; path = "String+TomorrowLand.swift"; sourceTree = "<group>"; };
		703779682157707700064392 /* HomeViewController.swift */ = {isa = PBXFileReference; lastKnownFileType = sourcecode.swift; path = HomeViewController.swift; sourceTree = "<group>"; };
		703779692157707700064392 /* HomeViewController.xib */ = {isa = PBXFileReference; lastKnownFileType = file.xib; path = HomeViewController.xib; sourceTree = "<group>"; };
		7037796D215771BE00064392 /* WebViewController.swift */ = {isa = PBXFileReference; lastKnownFileType = sourcecode.swift; path = WebViewController.swift; sourceTree = "<group>"; };
		7037796E215771BE00064392 /* WebViewController.xib */ = {isa = PBXFileReference; lastKnownFileType = file.xib; path = WebViewController.xib; sourceTree = "<group>"; };
		703779712157750D00064392 /* Keys.swift */ = {isa = PBXFileReference; lastKnownFileType = sourcecode.swift; path = Keys.swift; sourceTree = "<group>"; };
		703779732157751D00064392 /* Keys.sample.swift */ = {isa = PBXFileReference; lastKnownFileType = sourcecode.swift; path = Keys.sample.swift; sourceTree = "<group>"; };
		7037797521577F6A00064392 /* Constants.swift */ = {isa = PBXFileReference; lastKnownFileType = sourcecode.swift; path = Constants.swift; sourceTree = "<group>"; };
/* End PBXFileReference section */

/* Begin PBXFrameworksBuildPhase section */
		58ABFB232126BA8100137583 /* Frameworks */ = {
			isa = PBXFrameworksBuildPhase;
			buildActionMask = 2147483647;
			files = (
				7000403F2159434000FB782F /* KeychainSwift.framework in Frameworks */,
				58ABFB592126C07800137583 /* WebKit.framework in Frameworks */,
				700AB5E92157837E005C5150 /* Alamofire.framework in Frameworks */,
			);
			runOnlyForDeploymentPostprocessing = 0;
		};
		58ABFB372126BA8200137583 /* Frameworks */ = {
			isa = PBXFrameworksBuildPhase;
			buildActionMask = 2147483647;
			files = (
			);
			runOnlyForDeploymentPostprocessing = 0;
		};
		58ABFB422126BA8300137583 /* Frameworks */ = {
			isa = PBXFrameworksBuildPhase;
			buildActionMask = 2147483647;
			files = (
			);
			runOnlyForDeploymentPostprocessing = 0;
		};
/* End PBXFrameworksBuildPhase section */

/* Begin PBXGroup section */
		58ABFB1D2126BA8100137583 = {
			isa = PBXGroup;
			children = (
				58ABFB282126BA8100137583 /* TomorrowLand */,
				58ABFB3D2126BA8200137583 /* TomorrowLandTests */,
				58ABFB482126BA8300137583 /* TomorrowLandUITests */,
				58ABFB272126BA8100137583 /* Products */,
				58ABFB572126C07800137583 /* Frameworks */,
			);
			sourceTree = "<group>";
		};
		58ABFB272126BA8100137583 /* Products */ = {
			isa = PBXGroup;
			children = (
				58ABFB262126BA8100137583 /* TomorrowLand.app */,
				58ABFB3A2126BA8200137583 /* TomorrowLandTests.xctest */,
				58ABFB452126BA8300137583 /* TomorrowLandUITests.xctest */,
			);
			name = Products;
			sourceTree = "<group>";
		};
		58ABFB282126BA8100137583 /* TomorrowLand */ = {
			isa = PBXGroup;
			children = (
				703779682157707700064392 /* HomeViewController.swift */,
				703779692157707700064392 /* HomeViewController.xib */,
				7037796D215771BE00064392 /* WebViewController.swift */,
				7037796E215771BE00064392 /* WebViewController.xib */,
				58ABFB292126BA8100137583 /* AppDelegate.swift */,
				7037797521577F6A00064392 /* Constants.swift */,
				58ABFB302126BA8200137583 /* Assets.xcassets */,
				58ABFB322126BA8200137583 /* LaunchScreen.storyboard */,
				58ABFB352126BA8200137583 /* Info.plist */,
				703779712157750D00064392 /* Keys.swift */,
				703779732157751D00064392 /* Keys.sample.swift */,
				700AB5EA21578918005C5150 /* String+TomorrowLand.swift */,
			);
			path = TomorrowLand;
			sourceTree = "<group>";
		};
		58ABFB3D2126BA8200137583 /* TomorrowLandTests */ = {
			isa = PBXGroup;
			children = (
				58ABFB3E2126BA8200137583 /* TomorrowLandTests.swift */,
				58ABFB402126BA8200137583 /* Info.plist */,
			);
			path = TomorrowLandTests;
			sourceTree = "<group>";
		};
		58ABFB482126BA8300137583 /* TomorrowLandUITests */ = {
			isa = PBXGroup;
			children = (
				58ABFB492126BA8300137583 /* TomorrowLandUITests.swift */,
				58ABFB4B2126BA8300137583 /* Info.plist */,
			);
			path = TomorrowLandUITests;
			sourceTree = "<group>";
		};
		58ABFB572126C07800137583 /* Frameworks */ = {
			isa = PBXGroup;
			children = (
				7000403E2159434000FB782F /* KeychainSwift.framework */,
				700AB5E82157837E005C5150 /* Alamofire.framework */,
				58ABFB582126C07800137583 /* WebKit.framework */,
			);
			name = Frameworks;
			sourceTree = "<group>";
		};
/* End PBXGroup section */

/* Begin PBXNativeTarget section */
		58ABFB252126BA8100137583 /* TomorrowLand */ = {
			isa = PBXNativeTarget;
			buildConfigurationList = 58ABFB4E2126BA8300137583 /* Build configuration list for PBXNativeTarget "TomorrowLand" */;
			buildPhases = (
				58ABFB222126BA8100137583 /* Sources */,
				58ABFB232126BA8100137583 /* Frameworks */,
				58ABFB242126BA8100137583 /* Resources */,
				703779772157828700064392 /* ShellScript */,
			);
			buildRules = (
			);
			dependencies = (
			);
			name = TomorrowLand;
			productName = TomorrowLand;
			productReference = 58ABFB262126BA8100137583 /* TomorrowLand.app */;
			productType = "com.apple.product-type.application";
		};
		58ABFB392126BA8200137583 /* TomorrowLandTests */ = {
			isa = PBXNativeTarget;
			buildConfigurationList = 58ABFB512126BA8300137583 /* Build configuration list for PBXNativeTarget "TomorrowLandTests" */;
			buildPhases = (
				58ABFB362126BA8200137583 /* Sources */,
				58ABFB372126BA8200137583 /* Frameworks */,
				58ABFB382126BA8200137583 /* Resources */,
			);
			buildRules = (
			);
			dependencies = (
				58ABFB3C2126BA8200137583 /* PBXTargetDependency */,
			);
			name = TomorrowLandTests;
			productName = TomorrowLandTests;
			productReference = 58ABFB3A2126BA8200137583 /* TomorrowLandTests.xctest */;
			productType = "com.apple.product-type.bundle.unit-test";
		};
		58ABFB442126BA8300137583 /* TomorrowLandUITests */ = {
			isa = PBXNativeTarget;
			buildConfigurationList = 58ABFB542126BA8300137583 /* Build configuration list for PBXNativeTarget "TomorrowLandUITests" */;
			buildPhases = (
				58ABFB412126BA8300137583 /* Sources */,
				58ABFB422126BA8300137583 /* Frameworks */,
				58ABFB432126BA8300137583 /* Resources */,
			);
			buildRules = (
			);
			dependencies = (
				58ABFB472126BA8300137583 /* PBXTargetDependency */,
			);
			name = TomorrowLandUITests;
			productName = TomorrowLandUITests;
			productReference = 58ABFB452126BA8300137583 /* TomorrowLandUITests.xctest */;
			productType = "com.apple.product-type.bundle.ui-testing";
		};
/* End PBXNativeTarget section */

/* Begin PBXProject section */
		58ABFB1E2126BA8100137583 /* Project object */ = {
			isa = PBXProject;
			attributes = {
				LastSwiftUpdateCheck = 0940;
				LastUpgradeCheck = 0940;
				ORGANIZATIONNAME = "Yusuke Ohashi";
				TargetAttributes = {
					58ABFB252126BA8100137583 = {
						CreatedOnToolsVersion = 9.4.1;
					};
					58ABFB392126BA8200137583 = {
						CreatedOnToolsVersion = 9.4.1;
						TestTargetID = 58ABFB252126BA8100137583;
					};
					58ABFB442126BA8300137583 = {
						CreatedOnToolsVersion = 9.4.1;
						TestTargetID = 58ABFB252126BA8100137583;
					};
				};
			};
			buildConfigurationList = 58ABFB212126BA8100137583 /* Build configuration list for PBXProject "TomorrowLand" */;
			compatibilityVersion = "Xcode 9.3";
			developmentRegion = en;
			hasScannedForEncodings = 0;
			knownRegions = (
				en,
				Base,
			);
			mainGroup = 58ABFB1D2126BA8100137583;
			productRefGroup = 58ABFB272126BA8100137583 /* Products */;
			projectDirPath = "";
			projectRoot = "";
			targets = (
				58ABFB252126BA8100137583 /* TomorrowLand */,
				58ABFB392126BA8200137583 /* TomorrowLandTests */,
				58ABFB442126BA8300137583 /* TomorrowLandUITests */,
			);
		};
/* End PBXProject section */

/* Begin PBXResourcesBuildPhase section */
		58ABFB242126BA8100137583 /* Resources */ = {
			isa = PBXResourcesBuildPhase;
			buildActionMask = 2147483647;
			files = (
				7037796C215770FE00064392 /* HomeViewController.xib in Resources */,
				58ABFB342126BA8200137583 /* LaunchScreen.storyboard in Resources */,
				58ABFB312126BA8200137583 /* Assets.xcassets in Resources */,
				70377970215771BE00064392 /* WebViewController.xib in Resources */,
			);
			runOnlyForDeploymentPostprocessing = 0;
		};
		58ABFB382126BA8200137583 /* Resources */ = {
			isa = PBXResourcesBuildPhase;
			buildActionMask = 2147483647;
			files = (
			);
			runOnlyForDeploymentPostprocessing = 0;
		};
		58ABFB432126BA8300137583 /* Resources */ = {
			isa = PBXResourcesBuildPhase;
			buildActionMask = 2147483647;
			files = (
			);
			runOnlyForDeploymentPostprocessing = 0;
		};
/* End PBXResourcesBuildPhase section */

/* Begin PBXShellScriptBuildPhase section */
		703779772157828700064392 /* ShellScript */ = {
			isa = PBXShellScriptBuildPhase;
			buildActionMask = 2147483647;
			files = (
			);
			inputFileListPaths = (
				"",
			);
			inputPaths = (
				"$(SRCROOT)/Carthage/Build/iOS/Alamofire.framework",
				"$(SRCROOT)/Carthage/Build/iOS/KeychainSwift.framework",
			);
			outputFileListPaths = (
			);
			outputPaths = (
				"$(BUILT_PRODUCTS_DIR)/$(FRAMEWORKS_FOLDER_PATH)/Alamofire.framework",
				"$(BUILT_PRODUCTS_DIR)/$(FRAMEWORKS_FOLDER_PATH)/KeychainSwift.framework",
			);
			runOnlyForDeploymentPostprocessing = 0;
			shellPath = /bin/sh;
			shellScript = "/usr/local/bin/carthage copy-frameworks\n";
		};
/* End PBXShellScriptBuildPhase section */

/* Begin PBXSourcesBuildPhase section */
		58ABFB222126BA8100137583 /* Sources */ = {
			isa = PBXSourcesBuildPhase;
			buildActionMask = 2147483647;
			files = (
				7037797621577F6A00064392 /* Constants.swift in Sources */,
				58ABFB2A2126BA8100137583 /* AppDelegate.swift in Sources */,
				700AB5EB21578918005C5150 /* String+TomorrowLand.swift in Sources */,
				703779722157750D00064392 /* Keys.swift in Sources */,
				7037796F215771BE00064392 /* WebViewController.swift in Sources */,
				7037796A2157707700064392 /* HomeViewController.swift in Sources */,
			);
			runOnlyForDeploymentPostprocessing = 0;
		};
		58ABFB362126BA8200137583 /* Sources */ = {
			isa = PBXSourcesBuildPhase;
			buildActionMask = 2147483647;
			files = (
				58ABFB3F2126BA8200137583 /* TomorrowLandTests.swift in Sources */,
			);
			runOnlyForDeploymentPostprocessing = 0;
		};
		58ABFB412126BA8300137583 /* Sources */ = {
			isa = PBXSourcesBuildPhase;
			buildActionMask = 2147483647;
			files = (
				58ABFB4A2126BA8300137583 /* TomorrowLandUITests.swift in Sources */,
			);
			runOnlyForDeploymentPostprocessing = 0;
		};
/* End PBXSourcesBuildPhase section */

/* Begin PBXTargetDependency section */
		58ABFB3C2126BA8200137583 /* PBXTargetDependency */ = {
			isa = PBXTargetDependency;
			target = 58ABFB252126BA8100137583 /* TomorrowLand */;
			targetProxy = 58ABFB3B2126BA8200137583 /* PBXContainerItemProxy */;
		};
		58ABFB472126BA8300137583 /* PBXTargetDependency */ = {
			isa = PBXTargetDependency;
			target = 58ABFB252126BA8100137583 /* TomorrowLand */;
			targetProxy = 58ABFB462126BA8300137583 /* PBXContainerItemProxy */;
		};
/* End PBXTargetDependency section */

/* Begin PBXVariantGroup section */
		58ABFB322126BA8200137583 /* LaunchScreen.storyboard */ = {
			isa = PBXVariantGroup;
			children = (
				58ABFB332126BA8200137583 /* Base */,
			);
			name = LaunchScreen.storyboard;
			sourceTree = "<group>";
		};
/* End PBXVariantGroup section */

/* Begin XCBuildConfiguration section */
		58ABFB4C2126BA8300137583 /* Debug */ = {
			isa = XCBuildConfiguration;
			buildSettings = {
				ALWAYS_SEARCH_USER_PATHS = NO;
				CLANG_ANALYZER_NONNULL = YES;
				CLANG_ANALYZER_NUMBER_OBJECT_CONVERSION = YES_AGGRESSIVE;
				CLANG_CXX_LANGUAGE_STANDARD = "gnu++14";
				CLANG_CXX_LIBRARY = "libc++";
				CLANG_ENABLE_MODULES = YES;
				CLANG_ENABLE_OBJC_ARC = YES;
				CLANG_ENABLE_OBJC_WEAK = YES;
				CLANG_WARN_BLOCK_CAPTURE_AUTORELEASING = YES;
				CLANG_WARN_BOOL_CONVERSION = YES;
				CLANG_WARN_COMMA = YES;
				CLANG_WARN_CONSTANT_CONVERSION = YES;
				CLANG_WARN_DEPRECATED_OBJC_IMPLEMENTATIONS = YES;
				CLANG_WARN_DIRECT_OBJC_ISA_USAGE = YES_ERROR;
				CLANG_WARN_DOCUMENTATION_COMMENTS = YES;
				CLANG_WARN_EMPTY_BODY = YES;
				CLANG_WARN_ENUM_CONVERSION = YES;
				CLANG_WARN_INFINITE_RECURSION = YES;
				CLANG_WARN_INT_CONVERSION = YES;
				CLANG_WARN_NON_LITERAL_NULL_CONVERSION = YES;
				CLANG_WARN_OBJC_IMPLICIT_RETAIN_SELF = YES;
				CLANG_WARN_OBJC_LITERAL_CONVERSION = YES;
				CLANG_WARN_OBJC_ROOT_CLASS = YES_ERROR;
				CLANG_WARN_RANGE_LOOP_ANALYSIS = YES;
				CLANG_WARN_STRICT_PROTOTYPES = YES;
				CLANG_WARN_SUSPICIOUS_MOVE = YES;
				CLANG_WARN_UNGUARDED_AVAILABILITY = YES_AGGRESSIVE;
				CLANG_WARN_UNREACHABLE_CODE = YES;
				CLANG_WARN__DUPLICATE_METHOD_MATCH = YES;
				CODE_SIGN_IDENTITY = "iPhone Developer";
				COPY_PHASE_STRIP = NO;
				DEBUG_INFORMATION_FORMAT = dwarf;
				ENABLE_STRICT_OBJC_MSGSEND = YES;
				ENABLE_TESTABILITY = YES;
				GCC_C_LANGUAGE_STANDARD = gnu11;
				GCC_DYNAMIC_NO_PIC = NO;
				GCC_NO_COMMON_BLOCKS = YES;
				GCC_OPTIMIZATION_LEVEL = 0;
				GCC_PREPROCESSOR_DEFINITIONS = (
					"DEBUG=1",
					"$(inherited)",
				);
				GCC_WARN_64_TO_32_BIT_CONVERSION = YES;
				GCC_WARN_ABOUT_RETURN_TYPE = YES_ERROR;
				GCC_WARN_UNDECLARED_SELECTOR = YES;
				GCC_WARN_UNINITIALIZED_AUTOS = YES_AGGRESSIVE;
				GCC_WARN_UNUSED_FUNCTION = YES;
				GCC_WARN_UNUSED_VARIABLE = YES;
				IPHONEOS_DEPLOYMENT_TARGET = 11.4;
				MTL_ENABLE_DEBUG_INFO = YES;
				ONLY_ACTIVE_ARCH = YES;
				SDKROOT = iphoneos;
				SWIFT_ACTIVE_COMPILATION_CONDITIONS = DEBUG;
				SWIFT_OPTIMIZATION_LEVEL = "-Onone";
			};
			name = Debug;
		};
		58ABFB4D2126BA8300137583 /* Release */ = {
			isa = XCBuildConfiguration;
			buildSettings = {
				ALWAYS_SEARCH_USER_PATHS = NO;
				CLANG_ANALYZER_NONNULL = YES;
				CLANG_ANALYZER_NUMBER_OBJECT_CONVERSION = YES_AGGRESSIVE;
				CLANG_CXX_LANGUAGE_STANDARD = "gnu++14";
				CLANG_CXX_LIBRARY = "libc++";
				CLANG_ENABLE_MODULES = YES;
				CLANG_ENABLE_OBJC_ARC = YES;
				CLANG_ENABLE_OBJC_WEAK = YES;
				CLANG_WARN_BLOCK_CAPTURE_AUTORELEASING = YES;
				CLANG_WARN_BOOL_CONVERSION = YES;
				CLANG_WARN_COMMA = YES;
				CLANG_WARN_CONSTANT_CONVERSION = YES;
				CLANG_WARN_DEPRECATED_OBJC_IMPLEMENTATIONS = YES;
				CLANG_WARN_DIRECT_OBJC_ISA_USAGE = YES_ERROR;
				CLANG_WARN_DOCUMENTATION_COMMENTS = YES;
				CLANG_WARN_EMPTY_BODY = YES;
				CLANG_WARN_ENUM_CONVERSION = YES;
				CLANG_WARN_INFINITE_RECURSION = YES;
				CLANG_WARN_INT_CONVERSION = YES;
				CLANG_WARN_NON_LITERAL_NULL_CONVERSION = YES;
				CLANG_WARN_OBJC_IMPLICIT_RETAIN_SELF = YES;
				CLANG_WARN_OBJC_LITERAL_CONVERSION = YES;
				CLANG_WARN_OBJC_ROOT_CLASS = YES_ERROR;
				CLANG_WARN_RANGE_LOOP_ANALYSIS = YES;
				CLANG_WARN_STRICT_PROTOTYPES = YES;
				CLANG_WARN_SUSPICIOUS_MOVE = YES;
				CLANG_WARN_UNGUARDED_AVAILABILITY = YES_AGGRESSIVE;
				CLANG_WARN_UNREACHABLE_CODE = YES;
				CLANG_WARN__DUPLICATE_METHOD_MATCH = YES;
				CODE_SIGN_IDENTITY = "iPhone Developer";
				COPY_PHASE_STRIP = NO;
				DEBUG_INFORMATION_FORMAT = "dwarf-with-dsym";
				ENABLE_NS_ASSERTIONS = NO;
				ENABLE_STRICT_OBJC_MSGSEND = YES;
				GCC_C_LANGUAGE_STANDARD = gnu11;
				GCC_NO_COMMON_BLOCKS = YES;
				GCC_WARN_64_TO_32_BIT_CONVERSION = YES;
				GCC_WARN_ABOUT_RETURN_TYPE = YES_ERROR;
				GCC_WARN_UNDECLARED_SELECTOR = YES;
				GCC_WARN_UNINITIALIZED_AUTOS = YES_AGGRESSIVE;
				GCC_WARN_UNUSED_FUNCTION = YES;
				GCC_WARN_UNUSED_VARIABLE = YES;
				IPHONEOS_DEPLOYMENT_TARGET = 11.4;
				MTL_ENABLE_DEBUG_INFO = NO;
				SDKROOT = iphoneos;
				SWIFT_COMPILATION_MODE = wholemodule;
				SWIFT_OPTIMIZATION_LEVEL = "-O";
				VALIDATE_PRODUCT = YES;
			};
			name = Release;
		};
		58ABFB4F2126BA8300137583 /* Debug */ = {
			isa = XCBuildConfiguration;
			buildSettings = {
				ASSETCATALOG_COMPILER_APPICON_NAME = AppIcon;
				CODE_SIGN_STYLE = Automatic;
				DEVELOPMENT_TEAM = KHFXF6N2QE;
				FRAMEWORK_SEARCH_PATHS = (
					"$(inherited)",
					"$(PROJECT_DIR)/Carthage/Build/iOS",
				);
				INFOPLIST_FILE = TomorrowLand/Info.plist;
				LD_RUNPATH_SEARCH_PATHS = (
					"$(inherited)",
					"@executable_path/Frameworks",
				);
				PRODUCT_BUNDLE_IDENTIFIER = me.junkpiano.ios.TomorrowLand;
				PRODUCT_NAME = "$(TARGET_NAME)";
				SWIFT_VERSION = 4.0;
				TARGETED_DEVICE_FAMILY = "1,2";
			};
			name = Debug;
		};
		58ABFB502126BA8300137583 /* Release */ = {
			isa = XCBuildConfiguration;
			buildSettings = {
				ASSETCATALOG_COMPILER_APPICON_NAME = AppIcon;
				CODE_SIGN_STYLE = Automatic;
				DEVELOPMENT_TEAM = KHFXF6N2QE;
				FRAMEWORK_SEARCH_PATHS = (
					"$(inherited)",
					"$(PROJECT_DIR)/Carthage/Build/iOS",
				);
				INFOPLIST_FILE = TomorrowLand/Info.plist;
				LD_RUNPATH_SEARCH_PATHS = (
					"$(inherited)",
					"@executable_path/Frameworks",
				);
				PRODUCT_BUNDLE_IDENTIFIER = me.junkpiano.ios.TomorrowLand;
				PRODUCT_NAME = "$(TARGET_NAME)";
				SWIFT_VERSION = 4.0;
				TARGETED_DEVICE_FAMILY = "1,2";
			};
			name = Release;
		};
		58ABFB522126BA8300137583 /* Debug */ = {
			isa = XCBuildConfiguration;
			buildSettings = {
				ALWAYS_EMBED_SWIFT_STANDARD_LIBRARIES = YES;
				BUNDLE_LOADER = "$(TEST_HOST)";
				CODE_SIGN_STYLE = Automatic;
				DEVELOPMENT_TEAM = KHFXF6N2QE;
				INFOPLIST_FILE = TomorrowLandTests/Info.plist;
				LD_RUNPATH_SEARCH_PATHS = (
					"$(inherited)",
					"@executable_path/Frameworks",
					"@loader_path/Frameworks",
				);
				PRODUCT_BUNDLE_IDENTIFIER = me.junkpiano.ios.TomorrowLandTests;
				PRODUCT_NAME = "$(TARGET_NAME)";
				SWIFT_VERSION = 4.0;
				TARGETED_DEVICE_FAMILY = "1,2";
				TEST_HOST = "$(BUILT_PRODUCTS_DIR)/TomorrowLand.app/TomorrowLand";
			};
			name = Debug;
		};
		58ABFB532126BA8300137583 /* Release */ = {
			isa = XCBuildConfiguration;
			buildSettings = {
				ALWAYS_EMBED_SWIFT_STANDARD_LIBRARIES = YES;
				BUNDLE_LOADER = "$(TEST_HOST)";
				CODE_SIGN_STYLE = Automatic;
				DEVELOPMENT_TEAM = KHFXF6N2QE;
				INFOPLIST_FILE = TomorrowLandTests/Info.plist;
				LD_RUNPATH_SEARCH_PATHS = (
					"$(inherited)",
					"@executable_path/Frameworks",
					"@loader_path/Frameworks",
				);
				PRODUCT_BUNDLE_IDENTIFIER = me.junkpiano.ios.TomorrowLandTests;
				PRODUCT_NAME = "$(TARGET_NAME)";
				SWIFT_VERSION = 4.0;
				TARGETED_DEVICE_FAMILY = "1,2";
				TEST_HOST = "$(BUILT_PRODUCTS_DIR)/TomorrowLand.app/TomorrowLand";
			};
			name = Release;
		};
		58ABFB552126BA8300137583 /* Debug */ = {
			isa = XCBuildConfiguration;
			buildSettings = {
				ALWAYS_EMBED_SWIFT_STANDARD_LIBRARIES = YES;
				CODE_SIGN_STYLE = Automatic;
				DEVELOPMENT_TEAM = KHFXF6N2QE;
				INFOPLIST_FILE = TomorrowLandUITests/Info.plist;
				LD_RUNPATH_SEARCH_PATHS = (
					"$(inherited)",
					"@executable_path/Frameworks",
					"@loader_path/Frameworks",
				);
				PRODUCT_BUNDLE_IDENTIFIER = me.junkpiano.ios.TomorrowLandUITests;
				PRODUCT_NAME = "$(TARGET_NAME)";
				SWIFT_VERSION = 4.0;
				TARGETED_DEVICE_FAMILY = "1,2";
				TEST_TARGET_NAME = TomorrowLand;
			};
			name = Debug;
		};
		58ABFB562126BA8300137583 /* Release */ = {
			isa = XCBuildConfiguration;
			buildSettings = {
				ALWAYS_EMBED_SWIFT_STANDARD_LIBRARIES = YES;
				CODE_SIGN_STYLE = Automatic;
				DEVELOPMENT_TEAM = KHFXF6N2QE;
				INFOPLIST_FILE = TomorrowLandUITests/Info.plist;
				LD_RUNPATH_SEARCH_PATHS = (
					"$(inherited)",
					"@executable_path/Frameworks",
					"@loader_path/Frameworks",
				);
				PRODUCT_BUNDLE_IDENTIFIER = me.junkpiano.ios.TomorrowLandUITests;
				PRODUCT_NAME = "$(TARGET_NAME)";
				SWIFT_VERSION = 4.0;
				TARGETED_DEVICE_FAMILY = "1,2";
				TEST_TARGET_NAME = TomorrowLand;
			};
			name = Release;
		};
/* End XCBuildConfiguration section */

/* Begin XCConfigurationList section */
		58ABFB212126BA8100137583 /* Build configuration list for PBXProject "TomorrowLand" */ = {
			isa = XCConfigurationList;
			buildConfigurations = (
				58ABFB4C2126BA8300137583 /* Debug */,
				58ABFB4D2126BA8300137583 /* Release */,
			);
			defaultConfigurationIsVisible = 0;
			defaultConfigurationName = Release;
		};
		58ABFB4E2126BA8300137583 /* Build configuration list for PBXNativeTarget "TomorrowLand" */ = {
			isa = XCConfigurationList;
			buildConfigurations = (
				58ABFB4F2126BA8300137583 /* Debug */,
				58ABFB502126BA8300137583 /* Release */,
			);
			defaultConfigurationIsVisible = 0;
			defaultConfigurationName = Release;
		};
		58ABFB512126BA8300137583 /* Build configuration list for PBXNativeTarget "TomorrowLandTests" */ = {
			isa = XCConfigurationList;
			buildConfigurations = (
				58ABFB522126BA8300137583 /* Debug */,
				58ABFB532126BA8300137583 /* Release */,
			);
			defaultConfigurationIsVisible = 0;
			defaultConfigurationName = Release;
		};
		58ABFB542126BA8300137583 /* Build configuration list for PBXNativeTarget "TomorrowLandUITests" */ = {
			isa = XCConfigurationList;
			buildConfigurations = (
				58ABFB552126BA8300137583 /* Debug */,
				58ABFB562126BA8300137583 /* Release */,
			);
			defaultConfigurationIsVisible = 0;
			defaultConfigurationName = Release;
		};
/* End XCConfigurationList section */
	};
	rootObject = 58ABFB1E2126BA8100137583 /* Project object */;
}
