// !$*UTF8*$!
{
	archiveVersion = 1;
	classes = {
	};
	objectVersion = 50;
	objects = {

/* Begin PBXBuildFile section */
		4E4DB500B75198FC906A437B /* Pods_TomorrowLandTests.framework in Frameworks */ = {isa = PBXBuildFile; fileRef = 1EC8437A02CE65559F7EA319 /* Pods_TomorrowLandTests.framework */; };
		58187F86215A3B9300CA842A /* TLTimelineViewController.swift in Sources */ = {isa = PBXBuildFile; fileRef = 58187F84215A3B9300CA842A /* TLTimelineViewController.swift */; };
		58187F89215A41D200CA842A /* Mastodon.swift in Sources */ = {isa = PBXBuildFile; fileRef = 58187F88215A41D200CA842A /* Mastodon.swift */; };
		58187F8B215A42D900CA842A /* Token.swift in Sources */ = {isa = PBXBuildFile; fileRef = 58187F8A215A42D900CA842A /* Token.swift */; };
		5821ED74219449AE0024A616 /* Constants.swift in Sources */ = {isa = PBXBuildFile; fileRef = 5821ED73219449AE0024A616 /* Constants.swift */; };
		587990362170329E008BB880 /* Emoji.swift in Sources */ = {isa = PBXBuildFile; fileRef = 587990352170329E008BB880 /* Emoji.swift */; };
		58799038217036EE008BB880 /* TLUtils.swift in Sources */ = {isa = PBXBuildFile; fileRef = 58799037217036EE008BB880 /* TLUtils.swift */; };
		587A0FF321944171000E8B35 /* MastodonAPI+Type.swift in Sources */ = {isa = PBXBuildFile; fileRef = 587A0FF221944171000E8B35 /* MastodonAPI+Type.swift */; };
		587A0FF521944240000E8B35 /* MastodonAPI+RequestContainer.swift in Sources */ = {isa = PBXBuildFile; fileRef = 587A0FF421944240000E8B35 /* MastodonAPI+RequestContainer.swift */; };
		587A1005219448B3000E8B35 /* OAuth2WebViewController.swift in Sources */ = {isa = PBXBuildFile; fileRef = 587A1001219448B2000E8B35 /* OAuth2WebViewController.swift */; };
		587A1006219448B3000E8B35 /* AuthenticationViewController.xib in Resources */ = {isa = PBXBuildFile; fileRef = 587A1002219448B2000E8B35 /* AuthenticationViewController.xib */; };
		587A1007219448B3000E8B35 /* AuthenticationViewController.swift in Sources */ = {isa = PBXBuildFile; fileRef = 587A1003219448B2000E8B35 /* AuthenticationViewController.swift */; };
		587A1008219448B3000E8B35 /* OAuth2WebViewController.xib in Resources */ = {isa = PBXBuildFile; fileRef = 587A1004219448B2000E8B35 /* OAuth2WebViewController.xib */; };
		5880FD62215B886300DE273C /* Localizable.strings in Resources */ = {isa = PBXBuildFile; fileRef = 5880FD64215B886300DE273C /* Localizable.strings */; };
		5880FD67215B8B3400DE273C /* TLLogin.swift in Sources */ = {isa = PBXBuildFile; fileRef = 5880FD66215B8B3400DE273C /* TLLogin.swift */; };
		5880FD71215C733D00DE273C /* Status.swift in Sources */ = {isa = PBXBuildFile; fileRef = 5880FD70215C733D00DE273C /* Status.swift */; };
		5880FD73215C74DF00DE273C /* Account.swift in Sources */ = {isa = PBXBuildFile; fileRef = 5880FD72215C74DF00DE273C /* Account.swift */; };
		5880FD7B215C9AE500DE273C /* StatusTableViewCell.swift in Sources */ = {isa = PBXBuildFile; fileRef = 5880FD79215C9AE500DE273C /* StatusTableViewCell.swift */; };
		5880FD7C215C9AE500DE273C /* StatusTableViewCell.xib in Resources */ = {isa = PBXBuildFile; fileRef = 5880FD7A215C9AE500DE273C /* StatusTableViewCell.xib */; };
		5880FD7E215CF4F300DE273C /* Document.swift in Sources */ = {isa = PBXBuildFile; fileRef = 5880FD7D215CF4F300DE273C /* Document.swift */; };
		5880FD80215CFF8500DE273C /* Entity.swift in Sources */ = {isa = PBXBuildFile; fileRef = 5880FD7F215CFF8500DE273C /* Entity.swift */; };
		58ABFB2A2126BA8100137583 /* AppDelegate.swift in Sources */ = {isa = PBXBuildFile; fileRef = 58ABFB292126BA8100137583 /* AppDelegate.swift */; };
		58ABFB312126BA8200137583 /* Assets.xcassets in Resources */ = {isa = PBXBuildFile; fileRef = 58ABFB302126BA8200137583 /* Assets.xcassets */; };
		58ABFB342126BA8200137583 /* LaunchScreen.storyboard in Resources */ = {isa = PBXBuildFile; fileRef = 58ABFB322126BA8200137583 /* LaunchScreen.storyboard */; };
		58ABFB3F2126BA8200137583 /* TomorrowLandTests.swift in Sources */ = {isa = PBXBuildFile; fileRef = 58ABFB3E2126BA8200137583 /* TomorrowLandTests.swift */; };
		58ABFB4A2126BA8300137583 /* TomorrowLandUITests.swift in Sources */ = {isa = PBXBuildFile; fileRef = 58ABFB492126BA8300137583 /* TomorrowLandUITests.swift */; };
		58ABFB592126C07800137583 /* WebKit.framework in Frameworks */ = {isa = PBXBuildFile; fileRef = 58ABFB582126C07800137583 /* WebKit.framework */; };
		58BFD8DE2191B1E400C030C2 /* MastodonAPI.swift in Sources */ = {isa = PBXBuildFile; fileRef = 58BFD8DD2191B1E400C030C2 /* MastodonAPI.swift */; };
		58C710EB21757611006E7E75 /* TLTootViewController.swift in Sources */ = {isa = PBXBuildFile; fileRef = 58C710E921757611006E7E75 /* TLTootViewController.swift */; };
		58C710EC21757611006E7E75 /* TLTootViewController.xib in Resources */ = {isa = PBXBuildFile; fileRef = 58C710EA21757611006E7E75 /* TLTootViewController.xib */; };
		700AB5EB21578918005C5150 /* String+Mastodon.swift in Sources */ = {isa = PBXBuildFile; fileRef = 700AB5EA21578918005C5150 /* String+Mastodon.swift */; };
		7037797621577F6A00064392 /* MastodonAPI+Path.swift in Sources */ = {isa = PBXBuildFile; fileRef = 7037797521577F6A00064392 /* MastodonAPI+Path.swift */; };
		704FC2EE2173281900D6F9E4 /* TLTimelineViewController.xib in Resources */ = {isa = PBXBuildFile; fileRef = 58187F85215A3B9300CA842A /* TLTimelineViewController.xib */; };
		704FC2F421733FE300D6F9E4 /* TLDataStore.swift in Sources */ = {isa = PBXBuildFile; fileRef = 704FC2F321733FE300D6F9E4 /* TLDataStore.swift */; };
		708D7116216FAE0E001C463F /* Headers.swift in Sources */ = {isa = PBXBuildFile; fileRef = 708D7115216FAE0E001C463F /* Headers.swift */; };
		709228C5216101CA004912CB /* TLTimeline.swift in Sources */ = {isa = PBXBuildFile; fileRef = 709228C4216101CA004912CB /* TLTimeline.swift */; };
		70A2FCB2216119E3004BF824 /* Media.swift in Sources */ = {isa = PBXBuildFile; fileRef = 70A2FCB1216119E3004BF824 /* Media.swift */; };
		70EA69812172FBFB0073016F /* String+TL.swift in Sources */ = {isa = PBXBuildFile; fileRef = 70EA69802172FBFB0073016F /* String+TL.swift */; };
		70EA698A217304C30073016F /* Mention.swift in Sources */ = {isa = PBXBuildFile; fileRef = 70EA6989217304C30073016F /* Mention.swift */; };
		70EA6996217321920073016F /* TLProfileViewController.xib in Resources */ = {isa = PBXBuildFile; fileRef = 70EA6994217321920073016F /* TLProfileViewController.xib */; };
		70EA6997217321920073016F /* TLProfileViewController.swift in Sources */ = {isa = PBXBuildFile; fileRef = 70EA6995217321920073016F /* TLProfileViewController.swift */; };
		83B793313B8326D8199289CA /* Pods_TomorrowLandUITests.framework in Frameworks */ = {isa = PBXBuildFile; fileRef = 7480BF62FB84E88208B15A80 /* Pods_TomorrowLandUITests.framework */; };
		B6696093FE1EC80C374DA90E /* Pods_TomorrowLand.framework in Frameworks */ = {isa = PBXBuildFile; fileRef = 09798DC5C21E352CCAF3F75A /* Pods_TomorrowLand.framework */; };
/* End PBXBuildFile section */

/* Begin PBXContainerItemProxy section */
		58ABFB3B2126BA8200137583 /* PBXContainerItemProxy */ = {
			isa = PBXContainerItemProxy;
			containerPortal = 58ABFB1E2126BA8100137583 /* Project object */;
			proxyType = 1;
			remoteGlobalIDString = 58ABFB252126BA8100137583;
			remoteInfo = TomorrowLand;
		};
		58ABFB462126BA8300137583 /* PBXContainerItemProxy */ = {
			isa = PBXContainerItemProxy;
			containerPortal = 58ABFB1E2126BA8100137583 /* Project object */;
			proxyType = 1;
			remoteGlobalIDString = 58ABFB252126BA8100137583;
			remoteInfo = TomorrowLand;
		};
/* End PBXContainerItemProxy section */

/* Begin PBXFileReference section */
		0595D90FC7109E29CD159D1A /* Pods-TomorrowLandUITests.debug.xcconfig */ = {isa = PBXFileReference; includeInIndex = 1; lastKnownFileType = text.xcconfig; name = "Pods-TomorrowLandUITests.debug.xcconfig"; path = "Pods/Target Support Files/Pods-TomorrowLandUITests/Pods-TomorrowLandUITests.debug.xcconfig"; sourceTree = "<group>"; };
		09798DC5C21E352CCAF3F75A /* Pods_TomorrowLand.framework */ = {isa = PBXFileReference; explicitFileType = wrapper.framework; includeInIndex = 0; path = Pods_TomorrowLand.framework; sourceTree = BUILT_PRODUCTS_DIR; };
		0C4CF83988D4D6502000C1EF /* Pods-TomorrowLandTests.release.xcconfig */ = {isa = PBXFileReference; includeInIndex = 1; lastKnownFileType = text.xcconfig; name = "Pods-TomorrowLandTests.release.xcconfig"; path = "Pods/Target Support Files/Pods-TomorrowLandTests/Pods-TomorrowLandTests.release.xcconfig"; sourceTree = "<group>"; };
		17C4A3B7B370E37796F6C20C /* Pods-TomorrowLand.release.xcconfig */ = {isa = PBXFileReference; includeInIndex = 1; lastKnownFileType = text.xcconfig; name = "Pods-TomorrowLand.release.xcconfig"; path = "Pods/Target Support Files/Pods-TomorrowLand/Pods-TomorrowLand.release.xcconfig"; sourceTree = "<group>"; };
		1EC8437A02CE65559F7EA319 /* Pods_TomorrowLandTests.framework */ = {isa = PBXFileReference; explicitFileType = wrapper.framework; includeInIndex = 0; path = Pods_TomorrowLandTests.framework; sourceTree = BUILT_PRODUCTS_DIR; };
		58187F84215A3B9300CA842A /* TLTimelineViewController.swift */ = {isa = PBXFileReference; lastKnownFileType = sourcecode.swift; path = TLTimelineViewController.swift; sourceTree = "<group>"; };
		58187F85215A3B9300CA842A /* TLTimelineViewController.xib */ = {isa = PBXFileReference; lastKnownFileType = file.xib; path = TLTimelineViewController.xib; sourceTree = "<group>"; };
		58187F88215A41D200CA842A /* Mastodon.swift */ = {isa = PBXFileReference; lastKnownFileType = sourcecode.swift; path = Mastodon.swift; sourceTree = "<group>"; };
		58187F8A215A42D900CA842A /* Token.swift */ = {isa = PBXFileReference; lastKnownFileType = sourcecode.swift; path = Token.swift; sourceTree = "<group>"; };
		5821ED73219449AE0024A616 /* Constants.swift */ = {isa = PBXFileReference; lastKnownFileType = sourcecode.swift; path = Constants.swift; sourceTree = "<group>"; };
		587990352170329E008BB880 /* Emoji.swift */ = {isa = PBXFileReference; lastKnownFileType = sourcecode.swift; path = Emoji.swift; sourceTree = "<group>"; };
		58799037217036EE008BB880 /* TLUtils.swift */ = {isa = PBXFileReference; lastKnownFileType = sourcecode.swift; path = TLUtils.swift; sourceTree = "<group>"; };
		587A0FF221944171000E8B35 /* MastodonAPI+Type.swift */ = {isa = PBXFileReference; lastKnownFileType = sourcecode.swift; path = "MastodonAPI+Type.swift"; sourceTree = "<group>"; };
		587A0FF421944240000E8B35 /* MastodonAPI+RequestContainer.swift */ = {isa = PBXFileReference; lastKnownFileType = sourcecode.swift; path = "MastodonAPI+RequestContainer.swift"; sourceTree = "<group>"; };
		587A1001219448B2000E8B35 /* OAuth2WebViewController.swift */ = {isa = PBXFileReference; fileEncoding = 4; lastKnownFileType = sourcecode.swift; path = OAuth2WebViewController.swift; sourceTree = "<group>"; };
		587A1002219448B2000E8B35 /* AuthenticationViewController.xib */ = {isa = PBXFileReference; fileEncoding = 4; lastKnownFileType = file.xib; path = AuthenticationViewController.xib; sourceTree = "<group>"; };
		587A1003219448B2000E8B35 /* AuthenticationViewController.swift */ = {isa = PBXFileReference; fileEncoding = 4; lastKnownFileType = sourcecode.swift; path = AuthenticationViewController.swift; sourceTree = "<group>"; };
		587A1004219448B2000E8B35 /* OAuth2WebViewController.xib */ = {isa = PBXFileReference; fileEncoding = 4; lastKnownFileType = file.xib; path = OAuth2WebViewController.xib; sourceTree = "<group>"; };
		5880FD63215B886300DE273C /* en */ = {isa = PBXFileReference; lastKnownFileType = text.plist.strings; name = en; path = en.lproj/Localizable.strings; sourceTree = "<group>"; };
		5880FD65215B887600DE273C /* ja */ = {isa = PBXFileReference; lastKnownFileType = text.plist.strings; name = ja; path = ja.lproj/Localizable.strings; sourceTree = "<group>"; };
		5880FD66215B8B3400DE273C /* TLLogin.swift */ = {isa = PBXFileReference; lastKnownFileType = sourcecode.swift; path = TLLogin.swift; sourceTree = "<group>"; };
		5880FD70215C733D00DE273C /* Status.swift */ = {isa = PBXFileReference; lastKnownFileType = sourcecode.swift; path = Status.swift; sourceTree = "<group>"; };
		5880FD72215C74DF00DE273C /* Account.swift */ = {isa = PBXFileReference; lastKnownFileType = sourcecode.swift; path = Account.swift; sourceTree = "<group>"; };
		5880FD79215C9AE500DE273C /* StatusTableViewCell.swift */ = {isa = PBXFileReference; lastKnownFileType = sourcecode.swift; path = StatusTableViewCell.swift; sourceTree = "<group>"; };
		5880FD7A215C9AE500DE273C /* StatusTableViewCell.xib */ = {isa = PBXFileReference; lastKnownFileType = file.xib; path = StatusTableViewCell.xib; sourceTree = "<group>"; };
		5880FD7D215CF4F300DE273C /* Document.swift */ = {isa = PBXFileReference; lastKnownFileType = sourcecode.swift; path = Document.swift; sourceTree = "<group>"; };
		5880FD7F215CFF8500DE273C /* Entity.swift */ = {isa = PBXFileReference; lastKnownFileType = sourcecode.swift; path = Entity.swift; sourceTree = "<group>"; };
		58ABFB262126BA8100137583 /* TomorrowLand.app */ = {isa = PBXFileReference; explicitFileType = wrapper.application; includeInIndex = 0; path = TomorrowLand.app; sourceTree = BUILT_PRODUCTS_DIR; };
		58ABFB292126BA8100137583 /* AppDelegate.swift */ = {isa = PBXFileReference; lastKnownFileType = sourcecode.swift; path = AppDelegate.swift; sourceTree = "<group>"; };
		58ABFB302126BA8200137583 /* Assets.xcassets */ = {isa = PBXFileReference; lastKnownFileType = folder.assetcatalog; path = Assets.xcassets; sourceTree = "<group>"; };
		58ABFB332126BA8200137583 /* Base */ = {isa = PBXFileReference; lastKnownFileType = file.storyboard; name = Base; path = Base.lproj/LaunchScreen.storyboard; sourceTree = "<group>"; };
		58ABFB352126BA8200137583 /* Info.plist */ = {isa = PBXFileReference; lastKnownFileType = text.plist.xml; path = Info.plist; sourceTree = "<group>"; };
		58ABFB3A2126BA8200137583 /* TomorrowLandTests.xctest */ = {isa = PBXFileReference; explicitFileType = wrapper.cfbundle; includeInIndex = 0; path = TomorrowLandTests.xctest; sourceTree = BUILT_PRODUCTS_DIR; };
		58ABFB3E2126BA8200137583 /* TomorrowLandTests.swift */ = {isa = PBXFileReference; lastKnownFileType = sourcecode.swift; path = TomorrowLandTests.swift; sourceTree = "<group>"; };
		58ABFB402126BA8200137583 /* Info.plist */ = {isa = PBXFileReference; lastKnownFileType = text.plist.xml; path = Info.plist; sourceTree = "<group>"; };
		58ABFB452126BA8300137583 /* TomorrowLandUITests.xctest */ = {isa = PBXFileReference; explicitFileType = wrapper.cfbundle; includeInIndex = 0; path = TomorrowLandUITests.xctest; sourceTree = BUILT_PRODUCTS_DIR; };
		58ABFB492126BA8300137583 /* TomorrowLandUITests.swift */ = {isa = PBXFileReference; lastKnownFileType = sourcecode.swift; path = TomorrowLandUITests.swift; sourceTree = "<group>"; };
		58ABFB4B2126BA8300137583 /* Info.plist */ = {isa = PBXFileReference; lastKnownFileType = text.plist.xml; path = Info.plist; sourceTree = "<group>"; };
		58ABFB582126C07800137583 /* WebKit.framework */ = {isa = PBXFileReference; lastKnownFileType = wrapper.framework; name = WebKit.framework; path = System/Library/Frameworks/WebKit.framework; sourceTree = SDKROOT; };
		58BFD8DD2191B1E400C030C2 /* MastodonAPI.swift */ = {isa = PBXFileReference; lastKnownFileType = sourcecode.swift; path = MastodonAPI.swift; sourceTree = "<group>"; };
		58C710E72170DCF5006E7E75 /* AlamofireImage.framework */ = {isa = PBXFileReference; lastKnownFileType = wrapper.framework; name = AlamofireImage.framework; path = Carthage/Build/iOS/AlamofireImage.framework; sourceTree = "<group>"; };
		58C710E921757611006E7E75 /* TLTootViewController.swift */ = {isa = PBXFileReference; lastKnownFileType = sourcecode.swift; path = TLTootViewController.swift; sourceTree = "<group>"; };
		58C710EA21757611006E7E75 /* TLTootViewController.xib */ = {isa = PBXFileReference; lastKnownFileType = file.xib; path = TLTootViewController.xib; sourceTree = "<group>"; };
		5DABA49D6E6723BE7E906C72 /* Pods-TomorrowLandUITests.release.xcconfig */ = {isa = PBXFileReference; includeInIndex = 1; lastKnownFileType = text.xcconfig; name = "Pods-TomorrowLandUITests.release.xcconfig"; path = "Pods/Target Support Files/Pods-TomorrowLandUITests/Pods-TomorrowLandUITests.release.xcconfig"; sourceTree = "<group>"; };
		678C386F1AEF1465EAA1216D /* Pods-TomorrowLandTests.debug.xcconfig */ = {isa = PBXFileReference; includeInIndex = 1; lastKnownFileType = text.xcconfig; name = "Pods-TomorrowLandTests.debug.xcconfig"; path = "Pods/Target Support Files/Pods-TomorrowLandTests/Pods-TomorrowLandTests.debug.xcconfig"; sourceTree = "<group>"; };
		7000403E2159434000FB782F /* KeychainSwift.framework */ = {isa = PBXFileReference; lastKnownFileType = wrapper.framework; name = KeychainSwift.framework; path = Carthage/Build/iOS/KeychainSwift.framework; sourceTree = "<group>"; };
		700AB5E82157837E005C5150 /* Alamofire.framework */ = {isa = PBXFileReference; lastKnownFileType = wrapper.framework; name = Alamofire.framework; path = Carthage/Build/iOS/Alamofire.framework; sourceTree = "<group>"; };
		700AB5EA21578918005C5150 /* String+Mastodon.swift */ = {isa = PBXFileReference; lastKnownFileType = sourcecode.swift; path = "String+Mastodon.swift"; sourceTree = "<group>"; };
		7037797521577F6A00064392 /* MastodonAPI+Path.swift */ = {isa = PBXFileReference; lastKnownFileType = sourcecode.swift; path = "MastodonAPI+Path.swift"; sourceTree = "<group>"; };
		704F54242160E8D10068BA88 /* ActiveLabel.framework */ = {isa = PBXFileReference; lastKnownFileType = wrapper.framework; name = ActiveLabel.framework; path = Carthage/Build/iOS/ActiveLabel.framework; sourceTree = "<group>"; };
		704FC2F321733FE300D6F9E4 /* TLDataStore.swift */ = {isa = PBXFileReference; lastKnownFileType = sourcecode.swift; path = TLDataStore.swift; sourceTree = "<group>"; };
		708D7115216FAE0E001C463F /* Headers.swift */ = {isa = PBXFileReference; lastKnownFileType = sourcecode.swift; path = Headers.swift; sourceTree = "<group>"; };
		709228C4216101CA004912CB /* TLTimeline.swift */ = {isa = PBXFileReference; lastKnownFileType = sourcecode.swift; path = TLTimeline.swift; sourceTree = "<group>"; };
		70A2FCB1216119E3004BF824 /* Media.swift */ = {isa = PBXFileReference; lastKnownFileType = sourcecode.swift; path = Media.swift; sourceTree = "<group>"; };
		70A2FCB321614174004BF824 /* Kingfisher.framework */ = {isa = PBXFileReference; lastKnownFileType = wrapper.framework; name = Kingfisher.framework; path = Carthage/Build/iOS/Kingfisher.framework; sourceTree = "<group>"; };
		70EA69802172FBFB0073016F /* String+TL.swift */ = {isa = PBXFileReference; lastKnownFileType = sourcecode.swift; path = "String+TL.swift"; sourceTree = "<group>"; };
		70EA6985217302C60073016F /* TLProfileViewController.swift */ = {isa = PBXFileReference; lastKnownFileType = sourcecode.swift; path = TLProfileViewController.swift; sourceTree = "<group>"; };
		70EA6986217302C60073016F /* TLProfileViewController.xib */ = {isa = PBXFileReference; lastKnownFileType = file.xib; path = TLProfileViewController.xib; sourceTree = "<group>"; };
		70EA6989217304C30073016F /* Mention.swift */ = {isa = PBXFileReference; lastKnownFileType = sourcecode.swift; path = Mention.swift; sourceTree = "<group>"; };
		70EA6994217321920073016F /* TLProfileViewController.xib */ = {isa = PBXFileReference; fileEncoding = 4; lastKnownFileType = file.xib; path = TLProfileViewController.xib; sourceTree = "<group>"; };
		70EA6995217321920073016F /* TLProfileViewController.swift */ = {isa = PBXFileReference; fileEncoding = 4; lastKnownFileType = sourcecode.swift; path = TLProfileViewController.swift; sourceTree = "<group>"; };
		7480BF62FB84E88208B15A80 /* Pods_TomorrowLandUITests.framework */ = {isa = PBXFileReference; explicitFileType = wrapper.framework; includeInIndex = 0; path = Pods_TomorrowLandUITests.framework; sourceTree = BUILT_PRODUCTS_DIR; };
		77F2D8CBF8F22FA13F98A866 /* Pods-TomorrowLand.debug.xcconfig */ = {isa = PBXFileReference; includeInIndex = 1; lastKnownFileType = text.xcconfig; name = "Pods-TomorrowLand.debug.xcconfig"; path = "Pods/Target Support Files/Pods-TomorrowLand/Pods-TomorrowLand.debug.xcconfig"; sourceTree = "<group>"; };
/* End PBXFileReference section */

/* Begin PBXFrameworksBuildPhase section */
		58ABFB232126BA8100137583 /* Frameworks */ = {
			isa = PBXFrameworksBuildPhase;
			buildActionMask = 2147483647;
			files = (
				58ABFB592126C07800137583 /* WebKit.framework in Frameworks */,
				B6696093FE1EC80C374DA90E /* Pods_TomorrowLand.framework in Frameworks */,
			);
			runOnlyForDeploymentPostprocessing = 0;
		};
		58ABFB372126BA8200137583 /* Frameworks */ = {
			isa = PBXFrameworksBuildPhase;
			buildActionMask = 2147483647;
			files = (
				4E4DB500B75198FC906A437B /* Pods_TomorrowLandTests.framework in Frameworks */,
			);
			runOnlyForDeploymentPostprocessing = 0;
		};
		58ABFB422126BA8300137583 /* Frameworks */ = {
			isa = PBXFrameworksBuildPhase;
			buildActionMask = 2147483647;
			files = (
				83B793313B8326D8199289CA /* Pods_TomorrowLandUITests.framework in Frameworks */,
			);
			runOnlyForDeploymentPostprocessing = 0;
		};
/* End PBXFrameworksBuildPhase section */

/* Begin PBXGroup section */
		58187F82215A396100CA842A /* Mastodon */ = {
			isa = PBXGroup;
			children = (
				700AB5EA21578918005C5150 /* String+Mastodon.swift */,
				58187F88215A41D200CA842A /* Mastodon.swift */,
				587A0FEF21943DD8000E8B35 /* API */,
				58187F8C215A472500CA842A /* Models */,
			);
			path = Mastodon;
			sourceTree = "<group>";
		};
		58187F8C215A472500CA842A /* Models */ = {
			isa = PBXGroup;
			children = (
				58187F8A215A42D900CA842A /* Token.swift */,
				5880FD70215C733D00DE273C /* Status.swift */,
				70A2FCB1216119E3004BF824 /* Media.swift */,
				5880FD72215C74DF00DE273C /* Account.swift */,
				5880FD7D215CF4F300DE273C /* Document.swift */,
				5880FD7F215CFF8500DE273C /* Entity.swift */,
				708D7115216FAE0E001C463F /* Headers.swift */,
				587990352170329E008BB880 /* Emoji.swift */,
				70EA6989217304C30073016F /* Mention.swift */,
			);
			path = Models;
			sourceTree = "<group>";
		};
		587A0FEF21943DD8000E8B35 /* API */ = {
			isa = PBXGroup;
			children = (
				58BFD8DD2191B1E400C030C2 /* MastodonAPI.swift */,
				7037797521577F6A00064392 /* MastodonAPI+Path.swift */,
				587A0FF221944171000E8B35 /* MastodonAPI+Type.swift */,
				587A0FF421944240000E8B35 /* MastodonAPI+RequestContainer.swift */,
			);
			path = API;
			sourceTree = "<group>";
		};
		587A1000219448B2000E8B35 /* OAuth */ = {
			isa = PBXGroup;
			children = (
				587A1001219448B2000E8B35 /* OAuth2WebViewController.swift */,
				587A1004219448B2000E8B35 /* OAuth2WebViewController.xib */,
				587A1003219448B2000E8B35 /* AuthenticationViewController.swift */,
				587A1002219448B2000E8B35 /* AuthenticationViewController.xib */,
			);
			path = OAuth;
			sourceTree = "<group>";
		};
		5880FD78215C9ABB00DE273C /* Views */ = {
			isa = PBXGroup;
			children = (
				5880FD79215C9AE500DE273C /* StatusTableViewCell.swift */,
				5880FD7A215C9AE500DE273C /* StatusTableViewCell.xib */,
			);
			path = Views;
			sourceTree = "<group>";
		};
		58ABFB1D2126BA8100137583 = {
			isa = PBXGroup;
			children = (
				58ABFB282126BA8100137583 /* TomorrowLand */,
				58ABFB3D2126BA8200137583 /* TomorrowLandTests */,
				58ABFB482126BA8300137583 /* TomorrowLandUITests */,
				58ABFB272126BA8100137583 /* Products */,
				58ABFB572126C07800137583 /* Frameworks */,
				70EA6992217320400073016F /* Recovered References */,
				E759B5E6E995D69983029C0D /* Pods */,
			);
			sourceTree = "<group>";
		};
		58ABFB272126BA8100137583 /* Products */ = {
			isa = PBXGroup;
			children = (
				58ABFB262126BA8100137583 /* TomorrowLand.app */,
				58ABFB3A2126BA8200137583 /* TomorrowLandTests.xctest */,
				58ABFB452126BA8300137583 /* TomorrowLandUITests.xctest */,
			);
			name = Products;
			sourceTree = "<group>";
		};
		58ABFB282126BA8100137583 /* TomorrowLand */ = {
			isa = PBXGroup;
			children = (
				70EA6993217321750073016F /* ViewControllers */,
				709228C62161108F004912CB /* Services */,
				58187F82215A396100CA842A /* Mastodon */,
				5880FD78215C9ABB00DE273C /* Views */,
				58ABFB292126BA8100137583 /* AppDelegate.swift */,
				58ABFB302126BA8200137583 /* Assets.xcassets */,
				58ABFB322126BA8200137583 /* LaunchScreen.storyboard */,
				58ABFB352126BA8200137583 /* Info.plist */,
				5880FD64215B886300DE273C /* Localizable.strings */,
			);
			path = TomorrowLand;
			sourceTree = "<group>";
		};
		58ABFB3D2126BA8200137583 /* TomorrowLandTests */ = {
			isa = PBXGroup;
			children = (
				58ABFB3E2126BA8200137583 /* TomorrowLandTests.swift */,
				58ABFB402126BA8200137583 /* Info.plist */,
			);
			path = TomorrowLandTests;
			sourceTree = "<group>";
		};
		58ABFB482126BA8300137583 /* TomorrowLandUITests */ = {
			isa = PBXGroup;
			children = (
				58ABFB492126BA8300137583 /* TomorrowLandUITests.swift */,
				58ABFB4B2126BA8300137583 /* Info.plist */,
			);
			path = TomorrowLandUITests;
			sourceTree = "<group>";
		};
		58ABFB572126C07800137583 /* Frameworks */ = {
			isa = PBXGroup;
			children = (
				58C710E72170DCF5006E7E75 /* AlamofireImage.framework */,
				70A2FCB321614174004BF824 /* Kingfisher.framework */,
				704F54242160E8D10068BA88 /* ActiveLabel.framework */,
				7000403E2159434000FB782F /* KeychainSwift.framework */,
				700AB5E82157837E005C5150 /* Alamofire.framework */,
				58ABFB582126C07800137583 /* WebKit.framework */,
				09798DC5C21E352CCAF3F75A /* Pods_TomorrowLand.framework */,
				1EC8437A02CE65559F7EA319 /* Pods_TomorrowLandTests.framework */,
				7480BF62FB84E88208B15A80 /* Pods_TomorrowLandUITests.framework */,
			);
			name = Frameworks;
			sourceTree = "<group>";
		};
		709228C62161108F004912CB /* Services */ = {
			isa = PBXGroup;
			children = (
				5880FD66215B8B3400DE273C /* TLLogin.swift */,
				709228C4216101CA004912CB /* TLTimeline.swift */,
				58799037217036EE008BB880 /* TLUtils.swift */,
				70EA69802172FBFB0073016F /* String+TL.swift */,
				704FC2F321733FE300D6F9E4 /* TLDataStore.swift */,
				5821ED73219449AE0024A616 /* Constants.swift */,
			);
			path = Services;
			sourceTree = "<group>";
		};
		70EA6992217320400073016F /* Recovered References */ = {
			isa = PBXGroup;
			children = (
				70EA6985217302C60073016F /* TLProfileViewController.swift */,
				70EA6986217302C60073016F /* TLProfileViewController.xib */,
			);
			name = "Recovered References";
			sourceTree = "<group>";
		};
		70EA6993217321750073016F /* ViewControllers */ = {
			isa = PBXGroup;
			children = (
				58187F84215A3B9300CA842A /* TLTimelineViewController.swift */,
				58187F85215A3B9300CA842A /* TLTimelineViewController.xib */,
				70EA6995217321920073016F /* TLProfileViewController.swift */,
				70EA6994217321920073016F /* TLProfileViewController.xib */,
				58C710E921757611006E7E75 /* TLTootViewController.swift */,
				58C710EA21757611006E7E75 /* TLTootViewController.xib */,
				587A1000219448B2000E8B35 /* OAuth */,
			);
			path = ViewControllers;
			sourceTree = "<group>";
		};
		E759B5E6E995D69983029C0D /* Pods */ = {
			isa = PBXGroup;
			children = (
				77F2D8CBF8F22FA13F98A866 /* Pods-TomorrowLand.debug.xcconfig */,
				17C4A3B7B370E37796F6C20C /* Pods-TomorrowLand.release.xcconfig */,
				678C386F1AEF1465EAA1216D /* Pods-TomorrowLandTests.debug.xcconfig */,
				0C4CF83988D4D6502000C1EF /* Pods-TomorrowLandTests.release.xcconfig */,
				0595D90FC7109E29CD159D1A /* Pods-TomorrowLandUITests.debug.xcconfig */,
				5DABA49D6E6723BE7E906C72 /* Pods-TomorrowLandUITests.release.xcconfig */,
			);
			name = Pods;
			sourceTree = "<group>";
		};
/* End PBXGroup section */

/* Begin PBXNativeTarget section */
		58ABFB252126BA8100137583 /* TomorrowLand */ = {
			isa = PBXNativeTarget;
			buildConfigurationList = 58ABFB4E2126BA8300137583 /* Build configuration list for PBXNativeTarget "TomorrowLand" */;
			buildPhases = (
				00BF9AB1A9561DB0E139F92D /* [CP] Check Pods Manifest.lock */,
				58ABFB222126BA8100137583 /* Sources */,
				58ABFB232126BA8100137583 /* Frameworks */,
				58ABFB242126BA8100137583 /* Resources */,
				D6900E4BDD02BD3425659655 /* [CP] Embed Pods Frameworks */,
			);
			buildRules = (
			);
			dependencies = (
			);
			name = TomorrowLand;
			productName = TomorrowLand;
			productReference = 58ABFB262126BA8100137583 /* TomorrowLand.app */;
			productType = "com.apple.product-type.application";
		};
		58ABFB392126BA8200137583 /* TomorrowLandTests */ = {
			isa = PBXNativeTarget;
			buildConfigurationList = 58ABFB512126BA8300137583 /* Build configuration list for PBXNativeTarget "TomorrowLandTests" */;
			buildPhases = (
				A45A7DF2B997CB037B8917D3 /* [CP] Check Pods Manifest.lock */,
				58ABFB362126BA8200137583 /* Sources */,
				58ABFB372126BA8200137583 /* Frameworks */,
				58ABFB382126BA8200137583 /* Resources */,
			);
			buildRules = (
			);
			dependencies = (
				58ABFB3C2126BA8200137583 /* PBXTargetDependency */,
			);
			name = TomorrowLandTests;
			productName = TomorrowLandTests;
			productReference = 58ABFB3A2126BA8200137583 /* TomorrowLandTests.xctest */;
			productType = "com.apple.product-type.bundle.unit-test";
		};
		58ABFB442126BA8300137583 /* TomorrowLandUITests */ = {
			isa = PBXNativeTarget;
			buildConfigurationList = 58ABFB542126BA8300137583 /* Build configuration list for PBXNativeTarget "TomorrowLandUITests" */;
			buildPhases = (
				4B5B94889BA4B84EE9C1322B /* [CP] Check Pods Manifest.lock */,
				58ABFB412126BA8300137583 /* Sources */,
				58ABFB422126BA8300137583 /* Frameworks */,
				58ABFB432126BA8300137583 /* Resources */,
			);
			buildRules = (
			);
			dependencies = (
				58ABFB472126BA8300137583 /* PBXTargetDependency */,
			);
			name = TomorrowLandUITests;
			productName = TomorrowLandUITests;
			productReference = 58ABFB452126BA8300137583 /* TomorrowLandUITests.xctest */;
			productType = "com.apple.product-type.bundle.ui-testing";
		};
/* End PBXNativeTarget section */

/* Begin PBXProject section */
		58ABFB1E2126BA8100137583 /* Project object */ = {
			isa = PBXProject;
			attributes = {
				LastSwiftUpdateCheck = 0940;
				LastUpgradeCheck = 0940;
				ORGANIZATIONNAME = "Yusuke Ohashi";
				TargetAttributes = {
					58ABFB252126BA8100137583 = {
						CreatedOnToolsVersion = 9.4.1;
					};
					58ABFB392126BA8200137583 = {
						CreatedOnToolsVersion = 9.4.1;
						TestTargetID = 58ABFB252126BA8100137583;
					};
					58ABFB442126BA8300137583 = {
						CreatedOnToolsVersion = 9.4.1;
						TestTargetID = 58ABFB252126BA8100137583;
					};
				};
			};
			buildConfigurationList = 58ABFB212126BA8100137583 /* Build configuration list for PBXProject "TomorrowLand" */;
			compatibilityVersion = "Xcode 9.3";
			developmentRegion = en;
			hasScannedForEncodings = 0;
			knownRegions = (
				en,
				Base,
				ja,
			);
			mainGroup = 58ABFB1D2126BA8100137583;
			productRefGroup = 58ABFB272126BA8100137583 /* Products */;
			projectDirPath = "";
			projectRoot = "";
			targets = (
				58ABFB252126BA8100137583 /* TomorrowLand */,
				58ABFB392126BA8200137583 /* TomorrowLandTests */,
				58ABFB442126BA8300137583 /* TomorrowLandUITests */,
			);
		};
/* End PBXProject section */

/* Begin PBXResourcesBuildPhase section */
		58ABFB242126BA8100137583 /* Resources */ = {
			isa = PBXResourcesBuildPhase;
			buildActionMask = 2147483647;
			files = (
				587A1006219448B3000E8B35 /* AuthenticationViewController.xib in Resources */,
				5880FD62215B886300DE273C /* Localizable.strings in Resources */,
				58ABFB342126BA8200137583 /* LaunchScreen.storyboard in Resources */,
				704FC2EE2173281900D6F9E4 /* TLTimelineViewController.xib in Resources */,
				70EA6996217321920073016F /* TLProfileViewController.xib in Resources */,
				58C710EC21757611006E7E75 /* TLTootViewController.xib in Resources */,
				58ABFB312126BA8200137583 /* Assets.xcassets in Resources */,
				587A1008219448B3000E8B35 /* OAuth2WebViewController.xib in Resources */,
				5880FD7C215C9AE500DE273C /* StatusTableViewCell.xib in Resources */,
			);
			runOnlyForDeploymentPostprocessing = 0;
		};
		58ABFB382126BA8200137583 /* Resources */ = {
			isa = PBXResourcesBuildPhase;
			buildActionMask = 2147483647;
			files = (
			);
			runOnlyForDeploymentPostprocessing = 0;
		};
		58ABFB432126BA8300137583 /* Resources */ = {
			isa = PBXResourcesBuildPhase;
			buildActionMask = 2147483647;
			files = (
			);
			runOnlyForDeploymentPostprocessing = 0;
		};
/* End PBXResourcesBuildPhase section */

/* Begin PBXShellScriptBuildPhase section */
		00BF9AB1A9561DB0E139F92D /* [CP] Check Pods Manifest.lock */ = {
			isa = PBXShellScriptBuildPhase;
			buildActionMask = 2147483647;
			files = (
			);
			inputFileListPaths = (
			);
			inputPaths = (
				"${PODS_PODFILE_DIR_PATH}/Podfile.lock",
				"${PODS_ROOT}/Manifest.lock",
			);
			name = "[CP] Check Pods Manifest.lock";
			outputFileListPaths = (
			);
			outputPaths = (
				"$(DERIVED_FILE_DIR)/Pods-TomorrowLand-checkManifestLockResult.txt",
			);
			runOnlyForDeploymentPostprocessing = 0;
			shellPath = /bin/sh;
			shellScript = "diff \"${PODS_PODFILE_DIR_PATH}/Podfile.lock\" \"${PODS_ROOT}/Manifest.lock\" > /dev/null\nif [ $? != 0 ] ; then\n    # print error to STDERR\n    echo \"error: The sandbox is not in sync with the Podfile.lock. Run 'pod install' or update your CocoaPods installation.\" >&2\n    exit 1\nfi\n# This output is used by Xcode 'outputs' to avoid re-running this script phase.\necho \"SUCCESS\" > \"${SCRIPT_OUTPUT_FILE_0}\"\n";
			showEnvVarsInLog = 0;
		};
		4B5B94889BA4B84EE9C1322B /* [CP] Check Pods Manifest.lock */ = {
			isa = PBXShellScriptBuildPhase;
			buildActionMask = 2147483647;
			files = (
			);
			inputFileListPaths = (
			);
			inputPaths = (
				"${PODS_PODFILE_DIR_PATH}/Podfile.lock",
				"${PODS_ROOT}/Manifest.lock",
			);
			name = "[CP] Check Pods Manifest.lock";
			outputFileListPaths = (
			);
			outputPaths = (
				"$(DERIVED_FILE_DIR)/Pods-TomorrowLandUITests-checkManifestLockResult.txt",
			);
			runOnlyForDeploymentPostprocessing = 0;
			shellPath = /bin/sh;
			shellScript = "diff \"${PODS_PODFILE_DIR_PATH}/Podfile.lock\" \"${PODS_ROOT}/Manifest.lock\" > /dev/null\nif [ $? != 0 ] ; then\n    # print error to STDERR\n    echo \"error: The sandbox is not in sync with the Podfile.lock. Run 'pod install' or update your CocoaPods installation.\" >&2\n    exit 1\nfi\n# This output is used by Xcode 'outputs' to avoid re-running this script phase.\necho \"SUCCESS\" > \"${SCRIPT_OUTPUT_FILE_0}\"\n";
			showEnvVarsInLog = 0;
		};
		A45A7DF2B997CB037B8917D3 /* [CP] Check Pods Manifest.lock */ = {
			isa = PBXShellScriptBuildPhase;
			buildActionMask = 2147483647;
			files = (
			);
			inputFileListPaths = (
			);
			inputPaths = (
				"${PODS_PODFILE_DIR_PATH}/Podfile.lock",
				"${PODS_ROOT}/Manifest.lock",
			);
			name = "[CP] Check Pods Manifest.lock";
			outputFileListPaths = (
			);
			outputPaths = (
				"$(DERIVED_FILE_DIR)/Pods-TomorrowLandTests-checkManifestLockResult.txt",
			);
			runOnlyForDeploymentPostprocessing = 0;
			shellPath = /bin/sh;
			shellScript = "diff \"${PODS_PODFILE_DIR_PATH}/Podfile.lock\" \"${PODS_ROOT}/Manifest.lock\" > /dev/null\nif [ $? != 0 ] ; then\n    # print error to STDERR\n    echo \"error: The sandbox is not in sync with the Podfile.lock. Run 'pod install' or update your CocoaPods installation.\" >&2\n    exit 1\nfi\n# This output is used by Xcode 'outputs' to avoid re-running this script phase.\necho \"SUCCESS\" > \"${SCRIPT_OUTPUT_FILE_0}\"\n";
			showEnvVarsInLog = 0;
		};
		D6900E4BDD02BD3425659655 /* [CP] Embed Pods Frameworks */ = {
			isa = PBXShellScriptBuildPhase;
			buildActionMask = 2147483647;
			files = (
			);
			inputFileListPaths = (
			);
			inputPaths = (
				"${SRCROOT}/Pods/Target Support Files/Pods-TomorrowLand/Pods-TomorrowLand-frameworks.sh",
				"${BUILT_PRODUCTS_DIR}/ActiveLabel/ActiveLabel.framework",
				"${BUILT_PRODUCTS_DIR}/Alamofire/Alamofire.framework",
				"${BUILT_PRODUCTS_DIR}/KeychainSwift/KeychainSwift.framework",
				"${BUILT_PRODUCTS_DIR}/Keys/Keys.framework",
				"${BUILT_PRODUCTS_DIR}/Kingfisher/Kingfisher.framework",
				"${BUILT_PRODUCTS_DIR}/Kiri/Kiri.framework",
				"${BUILT_PRODUCTS_DIR}/Moya/Moya.framework",
				"${BUILT_PRODUCTS_DIR}/Result/Result.framework",
			);
			name = "[CP] Embed Pods Frameworks";
			outputFileListPaths = (
			);
			outputPaths = (
				"${TARGET_BUILD_DIR}/${FRAMEWORKS_FOLDER_PATH}/ActiveLabel.framework",
				"${TARGET_BUILD_DIR}/${FRAMEWORKS_FOLDER_PATH}/Alamofire.framework",
				"${TARGET_BUILD_DIR}/${FRAMEWORKS_FOLDER_PATH}/KeychainSwift.framework",
				"${TARGET_BUILD_DIR}/${FRAMEWORKS_FOLDER_PATH}/Keys.framework",
				"${TARGET_BUILD_DIR}/${FRAMEWORKS_FOLDER_PATH}/Kingfisher.framework",
				"${TARGET_BUILD_DIR}/${FRAMEWORKS_FOLDER_PATH}/Kiri.framework",
				"${TARGET_BUILD_DIR}/${FRAMEWORKS_FOLDER_PATH}/Moya.framework",
				"${TARGET_BUILD_DIR}/${FRAMEWORKS_FOLDER_PATH}/Result.framework",
			);
			runOnlyForDeploymentPostprocessing = 0;
			shellPath = /bin/sh;
			shellScript = "\"${SRCROOT}/Pods/Target Support Files/Pods-TomorrowLand/Pods-TomorrowLand-frameworks.sh\"\n";
			showEnvVarsInLog = 0;
		};
/* End PBXShellScriptBuildPhase section */

/* Begin PBXSourcesBuildPhase section */
		58ABFB222126BA8100137583 /* Sources */ = {
			isa = PBXSourcesBuildPhase;
			buildActionMask = 2147483647;
			files = (
				58187F8B215A42D900CA842A /* Token.swift in Sources */,
				58BFD8DE2191B1E400C030C2 /* MastodonAPI.swift in Sources */,
				7037797621577F6A00064392 /* MastodonAPI+Path.swift in Sources */,
				58ABFB2A2126BA8100137583 /* AppDelegate.swift in Sources */,
				5880FD73215C74DF00DE273C /* Account.swift in Sources */,
				5821ED74219449AE0024A616 /* Constants.swift in Sources */,
				709228C5216101CA004912CB /* TLTimeline.swift in Sources */,
				700AB5EB21578918005C5150 /* String+Mastodon.swift in Sources */,
				70EA6997217321920073016F /* TLProfileViewController.swift in Sources */,
				58C710EB21757611006E7E75 /* TLTootViewController.swift in Sources */,
				704FC2F421733FE300D6F9E4 /* TLDataStore.swift in Sources */,
				587A1005219448B3000E8B35 /* OAuth2WebViewController.swift in Sources */,
				70EA698A217304C30073016F /* Mention.swift in Sources */,
				58187F86215A3B9300CA842A /* TLTimelineViewController.swift in Sources */,
				587A0FF321944171000E8B35 /* MastodonAPI+Type.swift in Sources */,
				70EA69812172FBFB0073016F /* String+TL.swift in Sources */,
				58187F89215A41D200CA842A /* Mastodon.swift in Sources */,
				5880FD7B215C9AE500DE273C /* StatusTableViewCell.swift in Sources */,
				5880FD71215C733D00DE273C /* Status.swift in Sources */,
				587990362170329E008BB880 /* Emoji.swift in Sources */,
				70A2FCB2216119E3004BF824 /* Media.swift in Sources */,
				5880FD7E215CF4F300DE273C /* Document.swift in Sources */,
				5880FD80215CFF8500DE273C /* Entity.swift in Sources */,
				58799038217036EE008BB880 /* TLUtils.swift in Sources */,
				587A1007219448B3000E8B35 /* AuthenticationViewController.swift in Sources */,
				5880FD67215B8B3400DE273C /* TLLogin.swift in Sources */,
				587A0FF521944240000E8B35 /* MastodonAPI+RequestContainer.swift in Sources */,
				708D7116216FAE0E001C463F /* Headers.swift in Sources */,
			);
			runOnlyForDeploymentPostprocessing = 0;
		};
		58ABFB362126BA8200137583 /* Sources */ = {
			isa = PBXSourcesBuildPhase;
			buildActionMask = 2147483647;
			files = (
				58ABFB3F2126BA8200137583 /* TomorrowLandTests.swift in Sources */,
			);
			runOnlyForDeploymentPostprocessing = 0;
		};
		58ABFB412126BA8300137583 /* Sources */ = {
			isa = PBXSourcesBuildPhase;
			buildActionMask = 2147483647;
			files = (
				58ABFB4A2126BA8300137583 /* TomorrowLandUITests.swift in Sources */,
			);
			runOnlyForDeploymentPostprocessing = 0;
		};
/* End PBXSourcesBuildPhase section */

/* Begin PBXTargetDependency section */
		58ABFB3C2126BA8200137583 /* PBXTargetDependency */ = {
			isa = PBXTargetDependency;
			target = 58ABFB252126BA8100137583 /* TomorrowLand */;
			targetProxy = 58ABFB3B2126BA8200137583 /* PBXContainerItemProxy */;
		};
		58ABFB472126BA8300137583 /* PBXTargetDependency */ = {
			isa = PBXTargetDependency;
			target = 58ABFB252126BA8100137583 /* TomorrowLand */;
			targetProxy = 58ABFB462126BA8300137583 /* PBXContainerItemProxy */;
		};
/* End PBXTargetDependency section */

/* Begin PBXVariantGroup section */
		5880FD64215B886300DE273C /* Localizable.strings */ = {
			isa = PBXVariantGroup;
			children = (
				5880FD63215B886300DE273C /* en */,
				5880FD65215B887600DE273C /* ja */,
			);
			name = Localizable.strings;
			sourceTree = "<group>";
		};
		58ABFB322126BA8200137583 /* LaunchScreen.storyboard */ = {
			isa = PBXVariantGroup;
			children = (
				58ABFB332126BA8200137583 /* Base */,
			);
			name = LaunchScreen.storyboard;
			sourceTree = "<group>";
		};
/* End PBXVariantGroup section */

/* Begin XCBuildConfiguration section */
		58ABFB4C2126BA8300137583 /* Debug */ = {
			isa = XCBuildConfiguration;
			buildSettings = {
				ALWAYS_SEARCH_USER_PATHS = NO;
				CLANG_ANALYZER_LOCALIZABILITY_NONLOCALIZED = YES;
				CLANG_ANALYZER_NONNULL = YES;
				CLANG_ANALYZER_NUMBER_OBJECT_CONVERSION = YES_AGGRESSIVE;
				CLANG_CXX_LANGUAGE_STANDARD = "gnu++14";
				CLANG_CXX_LIBRARY = "libc++";
				CLANG_ENABLE_MODULES = YES;
				CLANG_ENABLE_OBJC_ARC = YES;
				CLANG_ENABLE_OBJC_WEAK = YES;
				CLANG_WARN_BLOCK_CAPTURE_AUTORELEASING = YES;
				CLANG_WARN_BOOL_CONVERSION = YES;
				CLANG_WARN_COMMA = YES;
				CLANG_WARN_CONSTANT_CONVERSION = YES;
				CLANG_WARN_DEPRECATED_OBJC_IMPLEMENTATIONS = YES;
				CLANG_WARN_DIRECT_OBJC_ISA_USAGE = YES_ERROR;
				CLANG_WARN_DOCUMENTATION_COMMENTS = YES;
				CLANG_WARN_EMPTY_BODY = YES;
				CLANG_WARN_ENUM_CONVERSION = YES;
				CLANG_WARN_INFINITE_RECURSION = YES;
				CLANG_WARN_INT_CONVERSION = YES;
				CLANG_WARN_NON_LITERAL_NULL_CONVERSION = YES;
				CLANG_WARN_OBJC_IMPLICIT_RETAIN_SELF = YES;
				CLANG_WARN_OBJC_LITERAL_CONVERSION = YES;
				CLANG_WARN_OBJC_ROOT_CLASS = YES_ERROR;
				CLANG_WARN_RANGE_LOOP_ANALYSIS = YES;
				CLANG_WARN_STRICT_PROTOTYPES = YES;
				CLANG_WARN_SUSPICIOUS_MOVE = YES;
				CLANG_WARN_UNGUARDED_AVAILABILITY = YES_AGGRESSIVE;
				CLANG_WARN_UNREACHABLE_CODE = YES;
				CLANG_WARN__DUPLICATE_METHOD_MATCH = YES;
				CODE_SIGN_IDENTITY = "iPhone Developer";
				COPY_PHASE_STRIP = NO;
				DEBUG_INFORMATION_FORMAT = dwarf;
				ENABLE_STRICT_OBJC_MSGSEND = YES;
				ENABLE_TESTABILITY = YES;
				GCC_C_LANGUAGE_STANDARD = gnu11;
				GCC_DYNAMIC_NO_PIC = NO;
				GCC_NO_COMMON_BLOCKS = YES;
				GCC_OPTIMIZATION_LEVEL = 0;
				GCC_PREPROCESSOR_DEFINITIONS = (
					"DEBUG=1",
					"$(inherited)",
				);
				GCC_WARN_64_TO_32_BIT_CONVERSION = YES;
				GCC_WARN_ABOUT_RETURN_TYPE = YES_ERROR;
				GCC_WARN_UNDECLARED_SELECTOR = YES;
				GCC_WARN_UNINITIALIZED_AUTOS = YES_AGGRESSIVE;
				GCC_WARN_UNUSED_FUNCTION = YES;
				GCC_WARN_UNUSED_VARIABLE = YES;
				IPHONEOS_DEPLOYMENT_TARGET = 11.4;
				MTL_ENABLE_DEBUG_INFO = YES;
				ONLY_ACTIVE_ARCH = YES;
				SDKROOT = iphoneos;
				SWIFT_ACTIVE_COMPILATION_CONDITIONS = DEBUG;
				SWIFT_OPTIMIZATION_LEVEL = "-Onone";
			};
			name = Debug;
		};
		58ABFB4D2126BA8300137583 /* Release */ = {
			isa = XCBuildConfiguration;
			buildSettings = {
				ALWAYS_SEARCH_USER_PATHS = NO;
				CLANG_ANALYZER_LOCALIZABILITY_NONLOCALIZED = YES;
				CLANG_ANALYZER_NONNULL = YES;
				CLANG_ANALYZER_NUMBER_OBJECT_CONVERSION = YES_AGGRESSIVE;
				CLANG_CXX_LANGUAGE_STANDARD = "gnu++14";
				CLANG_CXX_LIBRARY = "libc++";
				CLANG_ENABLE_MODULES = YES;
				CLANG_ENABLE_OBJC_ARC = YES;
				CLANG_ENABLE_OBJC_WEAK = YES;
				CLANG_WARN_BLOCK_CAPTURE_AUTORELEASING = YES;
				CLANG_WARN_BOOL_CONVERSION = YES;
				CLANG_WARN_COMMA = YES;
				CLANG_WARN_CONSTANT_CONVERSION = YES;
				CLANG_WARN_DEPRECATED_OBJC_IMPLEMENTATIONS = YES;
				CLANG_WARN_DIRECT_OBJC_ISA_USAGE = YES_ERROR;
				CLANG_WARN_DOCUMENTATION_COMMENTS = YES;
				CLANG_WARN_EMPTY_BODY = YES;
				CLANG_WARN_ENUM_CONVERSION = YES;
				CLANG_WARN_INFINITE_RECURSION = YES;
				CLANG_WARN_INT_CONVERSION = YES;
				CLANG_WARN_NON_LITERAL_NULL_CONVERSION = YES;
				CLANG_WARN_OBJC_IMPLICIT_RETAIN_SELF = YES;
				CLANG_WARN_OBJC_LITERAL_CONVERSION = YES;
				CLANG_WARN_OBJC_ROOT_CLASS = YES_ERROR;
				CLANG_WARN_RANGE_LOOP_ANALYSIS = YES;
				CLANG_WARN_STRICT_PROTOTYPES = YES;
				CLANG_WARN_SUSPICIOUS_MOVE = YES;
				CLANG_WARN_UNGUARDED_AVAILABILITY = YES_AGGRESSIVE;
				CLANG_WARN_UNREACHABLE_CODE = YES;
				CLANG_WARN__DUPLICATE_METHOD_MATCH = YES;
				CODE_SIGN_IDENTITY = "iPhone Developer";
				COPY_PHASE_STRIP = NO;
				DEBUG_INFORMATION_FORMAT = "dwarf-with-dsym";
				ENABLE_NS_ASSERTIONS = NO;
				ENABLE_STRICT_OBJC_MSGSEND = YES;
				GCC_C_LANGUAGE_STANDARD = gnu11;
				GCC_NO_COMMON_BLOCKS = YES;
				GCC_WARN_64_TO_32_BIT_CONVERSION = YES;
				GCC_WARN_ABOUT_RETURN_TYPE = YES_ERROR;
				GCC_WARN_UNDECLARED_SELECTOR = YES;
				GCC_WARN_UNINITIALIZED_AUTOS = YES_AGGRESSIVE;
				GCC_WARN_UNUSED_FUNCTION = YES;
				GCC_WARN_UNUSED_VARIABLE = YES;
				IPHONEOS_DEPLOYMENT_TARGET = 11.4;
				MTL_ENABLE_DEBUG_INFO = NO;
				SDKROOT = iphoneos;
				SWIFT_COMPILATION_MODE = wholemodule;
				SWIFT_OPTIMIZATION_LEVEL = "-O";
				VALIDATE_PRODUCT = YES;
			};
			name = Release;
		};
		58ABFB4F2126BA8300137583 /* Debug */ = {
			isa = XCBuildConfiguration;
			baseConfigurationReference = 77F2D8CBF8F22FA13F98A866 /* Pods-TomorrowLand.debug.xcconfig */;
			buildSettings = {
				ASSETCATALOG_COMPILER_APPICON_NAME = AppIcon;
				CODE_SIGN_STYLE = Manual;
				DEVELOPMENT_TEAM = KHFXF6N2QE;
				FRAMEWORK_SEARCH_PATHS = "$(inherited)";
				INFOPLIST_FILE = TomorrowLand/Info.plist;
				LD_RUNPATH_SEARCH_PATHS = (
					"$(inherited)",
					"@executable_path/Frameworks",
				);
				PRODUCT_BUNDLE_IDENTIFIER = me.junkpiano.ios.TomorrowLand;
				PRODUCT_NAME = "$(TARGET_NAME)";
				PROVISIONING_PROFILE_SPECIFIER = "match Development me.junkpiano.ios.TomorrowLand";
				SWIFT_VERSION = 4.0;
				TARGETED_DEVICE_FAMILY = "1,2";
			};
			name = Debug;
		};
		58ABFB502126BA8300137583 /* Release */ = {
			isa = XCBuildConfiguration;
			baseConfigurationReference = 17C4A3B7B370E37796F6C20C /* Pods-TomorrowLand.release.xcconfig */;
			buildSettings = {
				ASSETCATALOG_COMPILER_APPICON_NAME = AppIcon;
				CODE_SIGN_IDENTITY = "iPhone Distribution";
				CODE_SIGN_STYLE = Manual;
				DEVELOPMENT_TEAM = KHFXF6N2QE;
				FRAMEWORK_SEARCH_PATHS = "$(inherited)";
				INFOPLIST_FILE = TomorrowLand/Info.plist;
				LD_RUNPATH_SEARCH_PATHS = (
					"$(inherited)",
					"@executable_path/Frameworks",
				);
				PRODUCT_BUNDLE_IDENTIFIER = me.junkpiano.ios.TomorrowLand;
				PRODUCT_NAME = "$(TARGET_NAME)";
				PROVISIONING_PROFILE_SPECIFIER = "match AppStore me.junkpiano.ios.TomorrowLand";
				SWIFT_VERSION = 4.0;
				TARGETED_DEVICE_FAMILY = "1,2";
			};
			name = Release;
		};
		58ABFB522126BA8300137583 /* Debug */ = {
			isa = XCBuildConfiguration;
			baseConfigurationReference = 678C386F1AEF1465EAA1216D /* Pods-TomorrowLandTests.debug.xcconfig */;
			buildSettings = {
				ALWAYS_EMBED_SWIFT_STANDARD_LIBRARIES = YES;
				BUNDLE_LOADER = "$(TEST_HOST)";
				CODE_SIGN_STYLE = Automatic;
				DEVELOPMENT_TEAM = KHFXF6N2QE;
				INFOPLIST_FILE = TomorrowLandTests/Info.plist;
				LD_RUNPATH_SEARCH_PATHS = (
					"$(inherited)",
					"@executable_path/Frameworks",
					"@loader_path/Frameworks",
				);
				PRODUCT_BUNDLE_IDENTIFIER = me.junkpiano.ios.TomorrowLandTests;
				PRODUCT_NAME = "$(TARGET_NAME)";
				SWIFT_VERSION = 4.0;
				TARGETED_DEVICE_FAMILY = "1,2";
				TEST_HOST = "$(BUILT_PRODUCTS_DIR)/TomorrowLand.app/TomorrowLand";
			};
			name = Debug;
		};
		58ABFB532126BA8300137583 /* Release */ = {
			isa = XCBuildConfiguration;
			baseConfigurationReference = 0C4CF83988D4D6502000C1EF /* Pods-TomorrowLandTests.release.xcconfig */;
			buildSettings = {
				ALWAYS_EMBED_SWIFT_STANDARD_LIBRARIES = YES;
				BUNDLE_LOADER = "$(TEST_HOST)";
				CODE_SIGN_STYLE = Automatic;
				DEVELOPMENT_TEAM = KHFXF6N2QE;
				INFOPLIST_FILE = TomorrowLandTests/Info.plist;
				LD_RUNPATH_SEARCH_PATHS = (
					"$(inherited)",
					"@executable_path/Frameworks",
					"@loader_path/Frameworks",
				);
				PRODUCT_BUNDLE_IDENTIFIER = me.junkpiano.ios.TomorrowLandTests;
				PRODUCT_NAME = "$(TARGET_NAME)";
				SWIFT_VERSION = 4.0;
				TARGETED_DEVICE_FAMILY = "1,2";
				TEST_HOST = "$(BUILT_PRODUCTS_DIR)/TomorrowLand.app/TomorrowLand";
			};
			name = Release;
		};
		58ABFB552126BA8300137583 /* Debug */ = {
			isa = XCBuildConfiguration;
			baseConfigurationReference = 0595D90FC7109E29CD159D1A /* Pods-TomorrowLandUITests.debug.xcconfig */;
			buildSettings = {
				ALWAYS_EMBED_SWIFT_STANDARD_LIBRARIES = YES;
				CODE_SIGN_STYLE = Automatic;
				DEVELOPMENT_TEAM = KHFXF6N2QE;
				INFOPLIST_FILE = TomorrowLandUITests/Info.plist;
				LD_RUNPATH_SEARCH_PATHS = (
					"$(inherited)",
					"@executable_path/Frameworks",
					"@loader_path/Frameworks",
				);
				PRODUCT_BUNDLE_IDENTIFIER = me.junkpiano.ios.TomorrowLandUITests;
				PRODUCT_NAME = "$(TARGET_NAME)";
				SWIFT_VERSION = 4.0;
				TARGETED_DEVICE_FAMILY = "1,2";
				TEST_TARGET_NAME = TomorrowLand;
			};
			name = Debug;
		};
		58ABFB562126BA8300137583 /* Release */ = {
			isa = XCBuildConfiguration;
			baseConfigurationReference = 5DABA49D6E6723BE7E906C72 /* Pods-TomorrowLandUITests.release.xcconfig */;
			buildSettings = {
				ALWAYS_EMBED_SWIFT_STANDARD_LIBRARIES = YES;
				CODE_SIGN_STYLE = Automatic;
				DEVELOPMENT_TEAM = KHFXF6N2QE;
				INFOPLIST_FILE = TomorrowLandUITests/Info.plist;
				LD_RUNPATH_SEARCH_PATHS = (
					"$(inherited)",
					"@executable_path/Frameworks",
					"@loader_path/Frameworks",
				);
				PRODUCT_BUNDLE_IDENTIFIER = me.junkpiano.ios.TomorrowLandUITests;
				PRODUCT_NAME = "$(TARGET_NAME)";
				SWIFT_VERSION = 4.0;
				TARGETED_DEVICE_FAMILY = "1,2";
				TEST_TARGET_NAME = TomorrowLand;
			};
			name = Release;
		};
/* End XCBuildConfiguration section */

/* Begin XCConfigurationList section */
		58ABFB212126BA8100137583 /* Build configuration list for PBXProject "TomorrowLand" */ = {
			isa = XCConfigurationList;
			buildConfigurations = (
				58ABFB4C2126BA8300137583 /* Debug */,
				58ABFB4D2126BA8300137583 /* Release */,
			);
			defaultConfigurationIsVisible = 0;
			defaultConfigurationName = Release;
		};
		58ABFB4E2126BA8300137583 /* Build configuration list for PBXNativeTarget "TomorrowLand" */ = {
			isa = XCConfigurationList;
			buildConfigurations = (
				58ABFB4F2126BA8300137583 /* Debug */,
				58ABFB502126BA8300137583 /* Release */,
			);
			defaultConfigurationIsVisible = 0;
			defaultConfigurationName = Release;
		};
		58ABFB512126BA8300137583 /* Build configuration list for PBXNativeTarget "TomorrowLandTests" */ = {
			isa = XCConfigurationList;
			buildConfigurations = (
				58ABFB522126BA8300137583 /* Debug */,
				58ABFB532126BA8300137583 /* Release */,
			);
			defaultConfigurationIsVisible = 0;
			defaultConfigurationName = Release;
		};
		58ABFB542126BA8300137583 /* Build configuration list for PBXNativeTarget "TomorrowLandUITests" */ = {
			isa = XCConfigurationList;
			buildConfigurations = (
				58ABFB552126BA8300137583 /* Debug */,
				58ABFB562126BA8300137583 /* Release */,
			);
			defaultConfigurationIsVisible = 0;
			defaultConfigurationName = Release;
		};
/* End XCConfigurationList section */
	};
	rootObject = 58ABFB1E2126BA8100137583 /* Project object */;
}
